{
  "version": 4,
  "terraform_version": "1.8.4",
  "serial": 82,
  "lineage": "d97e8ae9-822f-dfbd-81e4-0b2d7a143ee2",
  "outputs": {},
  "resources": [
    {
      "mode": "data",
      "type": "local_file",
      "name": "alice-public-key",
      "provider": "provider[\"registry.terraform.io/hashicorp/local\"]",
      "instances": [
        {
          "schema_version": 0,
          "attributes": {
            "content": "ssh-rsa AAAAB3NzaC1yc2EAAAADAQABAAABAQCxI+m5X6UbsuADhgd06gLyhufmBYZdFp/YguNZx3L+BslcBTZ3K4LU/aCfzcrE9GlRkMDfDA0d/imEo2SMuvKtJOYjLh3uQGpkfJ1Ug+jokMUqOpv/NaYCFHJ5gVErIHMZIDCYedbbOh1DtYudwA7c+4IDaOmbqGseDSaTPgknZBj248lRWsSpHKewbqMDlt+vpWBY+zVgIsXOa5iBmiS3zLWTfzLs/9EAEmgxgMoBXzQW7isYa3OsPxgV8Rh2216Xu9OFOvUSCiPw9LipUfvghcAt5BxuqqBc5cIQAjC4p2QvX3fdSr1GEEQezuBQyvatVMqeWrShM2kIX8ds/Mev ubuntu@OrangeBox24\n",
            "content_base64": "c3NoLXJzYSBBQUFBQjNOemFDMXljMkVBQUFBREFRQUJBQUFCQVFDeEkrbTVYNlVic3VBRGhnZDA2Z0x5aHVmbUJZWmRGcC9ZZ3VOWngzTCtCc2xjQlRaM0s0TFUvYUNmemNyRTlHbFJrTURmREEwZC9pbUVvMlNNdXZLdEpPWWpMaDN1UUdwa2ZKMVVnK2pva01VcU9wdi9OYVlDRkhKNWdWRXJJSE1aSURDWWVkYmJPaDFEdFl1ZHdBN2MrNElEYU9tYnFHc2VEU2FUUGdrblpCajI0OGxSV3NTcEhLZXdicU1EbHQrdnBXQlkrelZnSXNYT2E1aUJtaVMzekxXVGZ6THMvOUVBRW1neGdNb0JYelFXN2lzWWEzT3NQeGdWOFJoMjIxNlh1OU9GT3ZVU0NpUHc5TGlwVWZ2Z2hjQXQ1Qnh1cXFCYzVjSVFBakM0cDJRdlgzZmRTcjFHRUVRZXp1QlF5dmF0Vk1xZVdyU2hNMmtJWDhkcy9NZXYgdWJ1bnR1QE9yYW5nZUJveDI0Cg==",
            "content_base64sha256": "xXgAb0Dn8s3DDjHw//cqtqWNChJBzKkM61drb1xssJ0=",
            "content_base64sha512": "VceqLWJzZXv25+UIsgcR+LYzxlpgoXGVFoT35Bh+9wvAIUWTO1qAU/XOt7vhaPOSbLPKr7asZzIhA8lVXWfYyQ==",
            "content_md5": "dbc73bd254476ec964ed1ddc1af3dc18",
            "content_sha1": "7cae523e3736f7bdfaf43467f3750d2662365b7e",
            "content_sha256": "c578006f40e7f2cdc30e31f0fff72ab6a58d0a1241cca90ceb576b6f5c6cb09d",
            "content_sha512": "55c7aa2d6273657bf6e7e508b20711f8b633c65a60a171951684f7e4187ef70bc02145933b5a8053f5ceb7bbe168f3926cb3caafb6ac67322103c9555d67d8c9",
            "filename": "/home/ubuntu/.ssh/id_rsa.pub",
            "id": "7cae523e3736f7bdfaf43467f3750d2662365b7e"
          },
          "sensitive_attributes": []
        }
      ]
    },
    {
      "mode": "data",
      "type": "openstack_identity_role_v3",
      "name": "admin-role",
      "provider": "provider[\"registry.terraform.io/terraform-provider-openstack/openstack\"]",
      "instances": [
        {
          "schema_version": 0,
          "attributes": {
            "domain_id": "",
            "id": "f2833abe030545b8808611463bca7a29",
            "name": "Admin",
            "region": "RegionOne"
          },
          "sensitive_attributes": []
        }
      ]
    },
    {
      "mode": "data",
      "type": "openstack_identity_role_v3",
      "name": "load-balancer-admin-role",
      "provider": "provider[\"registry.terraform.io/terraform-provider-openstack/openstack\"]",
      "instances": [
        {
          "schema_version": 0,
          "attributes": {
            "domain_id": "",
            "id": "fcb3eee5521140f3b85d90f83296da7a",
            "name": "load-balancer_admin",
            "region": "RegionOne"
          },
          "sensitive_attributes": []
        }
      ]
    },
    {
      "mode": "data",
      "type": "openstack_identity_role_v3",
      "name": "member-role",
      "provider": "provider[\"registry.terraform.io/terraform-provider-openstack/openstack\"]",
      "instances": [
        {
          "schema_version": 0,
          "attributes": {
            "domain_id": "",
            "id": "4e296ebb59b749a3b4f751f61762583b",
            "name": "member",
            "region": "RegionOne"
          },
          "sensitive_attributes": []
        }
      ]
    },
    {
      "mode": "data",
      "type": "openstack_identity_role_v3",
      "name": "reader-role",
      "provider": "provider[\"registry.terraform.io/terraform-provider-openstack/openstack\"]",
      "instances": [
        {
          "schema_version": 0,
          "attributes": {
            "domain_id": "",
            "id": "a25aaa3397044a968a595ec6ad90ee4c",
            "name": "reader",
            "region": "RegionOne"
          },
          "sensitive_attributes": []
        }
      ]
    },
    {
      "mode": "data",
      "type": "openstack_networking_network_v2",
      "name": "ext-net",
      "provider": "provider[\"registry.terraform.io/terraform-provider-openstack/openstack\"]",
      "instances": [
        {
          "schema_version": 0,
          "attributes": {
            "admin_state_up": "true",
            "all_tags": [],
            "availability_zone_hints": [],
            "description": "",
            "dns_domain": "",
            "external": true,
            "id": "61ed3f4e-87ef-40c1-b20e-bb281f18f9d5",
            "matching_subnet_cidr": null,
            "mtu": 1500,
            "name": "ext-net",
            "network_id": null,
            "region": "RegionOne",
            "shared": "false",
            "status": null,
            "subnets": [
              "12f8bc1c-85ef-453d-b1c1-c2d114614707"
            ],
            "tags": null,
            "tenant_id": "b48a17b35c6248628510eb4af5f98548",
            "transparent_vlan": false
          },
          "sensitive_attributes": []
        }
      ]
    },
    {
      "mode": "managed",
      "type": "openstack_blockstorage_volume_v3",
      "name": "db-1-volume",
      "provider": "provider[\"registry.terraform.io/terraform-provider-openstack/openstack\"].alice",
      "instances": [
        {
          "schema_version": 0,
          "attributes": {
            "attachment": [],
            "availability_zone": "nova",
            "consistency_group_id": null,
            "description": "",
            "enable_online_resize": null,
            "id": "0ccc72c1-c996-4f0d-bc23-06692ec993ca",
            "image_id": null,
            "metadata": {},
            "multiattach": null,
            "name": "db-1-volume",
            "region": "RegionOne",
            "scheduler_hints": [],
            "size": 1,
            "snapshot_id": "",
            "source_replica": null,
            "source_vol_id": "",
            "timeouts": null,
            "volume_type": "__DEFAULT__"
          },
          "sensitive_attributes": [],
          "private": "eyJlMmJmYjczMC1lY2FhLTExZTYtOGY4OC0zNDM2M2JjN2M0YzAiOnsiY3JlYXRlIjo2MDAwMDAwMDAwMDAsImRlbGV0ZSI6NjAwMDAwMDAwMDAwfX0=",
          "dependencies": [
            "openstack_identity_project_v3.engineering-domain",
            "openstack_identity_project_v3.production-project",
            "openstack_identity_user_v3.alice"
          ]
        }
      ]
    },
    {
      "mode": "managed",
      "type": "openstack_blockstorage_volume_v3",
      "name": "db-2-volume",
      "provider": "provider[\"registry.terraform.io/terraform-provider-openstack/openstack\"].alice",
      "instances": [
        {
          "schema_version": 0,
          "attributes": {
            "attachment": [],
            "availability_zone": "nova",
            "consistency_group_id": null,
            "description": "",
            "enable_online_resize": null,
            "id": "6464f6b2-9688-4983-817b-97134c59e3bc",
            "image_id": null,
            "metadata": {},
            "multiattach": null,
            "name": "db-2-volume",
            "region": "RegionOne",
            "scheduler_hints": [],
            "size": 1,
            "snapshot_id": "",
            "source_replica": null,
            "source_vol_id": "",
            "timeouts": null,
            "volume_type": "__DEFAULT__"
          },
          "sensitive_attributes": [],
          "private": "eyJlMmJmYjczMC1lY2FhLTExZTYtOGY4OC0zNDM2M2JjN2M0YzAiOnsiY3JlYXRlIjo2MDAwMDAwMDAwMDAsImRlbGV0ZSI6NjAwMDAwMDAwMDAwfX0=",
          "dependencies": [
            "openstack_identity_project_v3.engineering-domain",
            "openstack_identity_project_v3.production-project",
            "openstack_identity_user_v3.alice"
          ]
        }
      ]
    },
    {
      "mode": "managed",
      "type": "openstack_compute_aggregate_v2",
      "name": "az-1",
      "provider": "provider[\"registry.terraform.io/terraform-provider-openstack/openstack\"]",
      "instances": [
        {
          "status": "tainted",
          "schema_version": 0,
          "attributes": {
            "hosts": [
              "node01.maas",
              "node02.maas"
            ],
            "id": "3",
            "metadata": null,
            "name": "az-1",
            "region": null,
            "timeouts": null,
            "zone": "az-1"
          },
          "sensitive_attributes": [],
          "private": "eyJlMmJmYjczMC1lY2FhLTExZTYtOGY4OC0zNDM2M2JjN2M0YzAiOnsiY3JlYXRlIjo2MDAwMDAwMDAwMDAsImRlbGV0ZSI6NjAwMDAwMDAwMDAwLCJ1cGRhdGUiOjYwMDAwMDAwMDAwMH19"
        }
      ]
    },
    {
      "mode": "managed",
      "type": "openstack_compute_aggregate_v2",
      "name": "az-2",
      "provider": "provider[\"registry.terraform.io/terraform-provider-openstack/openstack\"]",
      "instances": [
        {
          "status": "tainted",
          "schema_version": 0,
          "attributes": {
            "hosts": [
              "node03.maas",
              "node04.maas"
            ],
            "id": "2",
            "metadata": null,
            "name": "az-2",
            "region": null,
            "timeouts": null,
            "zone": "az-2"
          },
          "sensitive_attributes": [],
          "private": "eyJlMmJmYjczMC1lY2FhLTExZTYtOGY4OC0zNDM2M2JjN2M0YzAiOnsiY3JlYXRlIjo2MDAwMDAwMDAwMDAsImRlbGV0ZSI6NjAwMDAwMDAwMDAwLCJ1cGRhdGUiOjYwMDAwMDAwMDAwMH19"
        }
      ]
    },
    {
      "mode": "managed",
      "type": "openstack_compute_aggregate_v2",
      "name": "az-3",
      "provider": "provider[\"registry.terraform.io/terraform-provider-openstack/openstack\"]",
      "instances": [
        {
          "status": "tainted",
          "schema_version": 0,
          "attributes": {
            "hosts": [
              "node05.maas",
              "node06.maas"
            ],
            "id": "1",
            "metadata": null,
            "name": "az-3",
            "region": null,
            "timeouts": null,
            "zone": "az-3"
          },
          "sensitive_attributes": [],
          "private": "eyJlMmJmYjczMC1lY2FhLTExZTYtOGY4OC0zNDM2M2JjN2M0YzAiOnsiY3JlYXRlIjo2MDAwMDAwMDAwMDAsImRlbGV0ZSI6NjAwMDAwMDAwMDAwLCJ1cGRhdGUiOjYwMDAwMDAwMDAwMH19"
        }
      ]
    },
    {
      "mode": "managed",
      "type": "openstack_compute_floatingip_associate_v2",
      "name": "jumphost-floating-ip-associate",
      "provider": "provider[\"registry.terraform.io/terraform-provider-openstack/openstack\"]",
      "instances": [
        {
          "schema_version": 0,
          "attributes": {
            "fixed_ip": "",
            "floating_ip": "172.27.26.134",
            "id": "172.27.26.134/afad9f09-5fe1-4ff7-b6ab-8acfd65996b1/",
            "instance_id": "afad9f09-5fe1-4ff7-b6ab-8acfd65996b1",
            "region": "RegionOne",
            "timeouts": null,
            "wait_until_associated": null
          },
          "sensitive_attributes": [],
          "private": "eyJlMmJmYjczMC1lY2FhLTExZTYtOGY4OC0zNDM2M2JjN2M0YzAiOnsiY3JlYXRlIjo2MDAwMDAwMDAwMDB9fQ==",
          "dependencies": [
            "data.local_file.alice-public-key",
            "data.openstack_networking_network_v2.ext-net",
            "openstack_compute_instance_v2.jumphost",
            "openstack_compute_keypair_v2.alice-keypair",
            "openstack_compute_servergroup_v2.frontend-servers",
            "openstack_identity_project_v3.engineering-domain",
            "openstack_identity_project_v3.production-project",
            "openstack_identity_user_v3.alice",
            "openstack_images_image_v2.ubuntu-jammy",
            "openstack_networking_floatingip_v2.jumphost-floating-ip",
            "openstack_networking_network_v2.frontend-network",
            "openstack_networking_secgroup_v2.jumphost-servers-secgroup"
          ]
        }
      ]
    },
    {
      "mode": "managed",
      "type": "openstack_compute_instance_v2",
      "name": "db-1",
      "provider": "provider[\"registry.terraform.io/terraform-provider-openstack/openstack\"].alice",
      "instances": [
        {
          "schema_version": 0,
          "attributes": {
            "access_ip_v4": "192.168.20.253",
            "access_ip_v6": "",
            "admin_pass": null,
            "all_metadata": {},
            "all_tags": [],
            "availability_zone": "nova",
            "availability_zone_hints": null,
            "block_device": [],
            "config_drive": null,
            "created": "2024-05-29 13:37:32 +0000 UTC",
            "flavor_id": "2",
            "flavor_name": "m1.small",
            "floating_ip": null,
            "force_delete": false,
            "id": "c910ef65-deeb-4e41-930d-a988d4c6e3ae",
            "image_id": "3cfa3a33-3ddf-445f-938b-04250a5e1523",
            "image_name": "Ubuntu Server 22.04 (Jammy Jellyfish)",
            "key_pair": "alice-keypair",
            "metadata": null,
            "name": "db-1",
            "network": [
              {
                "access_network": false,
                "fixed_ip_v4": "192.168.20.253",
                "fixed_ip_v6": "",
                "floating_ip": "",
                "mac": "fa:16:3e:62:51:44",
                "name": "Backend",
                "port": "",
                "uuid": "ee2714b2-9dac-406f-8e54-29eb11c25298"
              }
            ],
            "network_mode": null,
            "personality": [],
            "power_state": "active",
            "region": "RegionOne",
            "scheduler_hints": [
              {
                "additional_properties": null,
                "build_near_host_ip": "",
                "different_cell": [],
                "different_host": [],
                "group": "6359ed6f-a39f-4f73-a17f-dfc980b6e1d8",
                "query": [],
                "same_host": [],
                "target_cell": ""
              }
            ],
            "security_groups": [
              "Backend servers"
            ],
            "stop_before_destroy": false,
            "tags": null,
            "timeouts": null,
            "updated": "2024-05-29 13:38:11 +0000 UTC",
            "user_data": null,
            "vendor_options": [],
            "volume": []
          },
          "sensitive_attributes": [
            [
              {
                "type": "get_attr",
                "value": "admin_pass"
              }
            ]
          ],
          "private": "eyJlMmJmYjczMC1lY2FhLTExZTYtOGY4OC0zNDM2M2JjN2M0YzAiOnsiY3JlYXRlIjoxODAwMDAwMDAwMDAwLCJkZWxldGUiOjE4MDAwMDAwMDAwMDAsInVwZGF0ZSI6MTgwMDAwMDAwMDAwMH19",
          "dependencies": [
            "data.local_file.alice-public-key",
            "openstack_compute_keypair_v2.alice-keypair",
            "openstack_compute_servergroup_v2.backend-servers",
            "openstack_identity_project_v3.engineering-domain",
            "openstack_identity_project_v3.production-project",
            "openstack_identity_user_v3.alice",
            "openstack_images_image_v2.ubuntu-jammy",
            "openstack_networking_network_v2.backend-network",
            "openstack_networking_secgroup_v2.backend-servers-secgroup"
          ]
        }
      ]
    },
    {
      "mode": "managed",
      "type": "openstack_compute_instance_v2",
      "name": "db-2",
      "provider": "provider[\"registry.terraform.io/terraform-provider-openstack/openstack\"].alice",
      "instances": [
        {
          "schema_version": 0,
          "attributes": {
            "access_ip_v4": "192.168.20.169",
            "access_ip_v6": "",
            "admin_pass": null,
            "all_metadata": {},
            "all_tags": [],
            "availability_zone": "nova",
            "availability_zone_hints": null,
            "block_device": [],
            "config_drive": null,
            "created": "2024-05-29 13:37:37 +0000 UTC",
            "flavor_id": "2",
            "flavor_name": "m1.small",
            "floating_ip": null,
            "force_delete": false,
            "id": "6b75c53c-d265-4619-9c05-2f923d50028c",
            "image_id": "3cfa3a33-3ddf-445f-938b-04250a5e1523",
            "image_name": "Ubuntu Server 22.04 (Jammy Jellyfish)",
            "key_pair": "alice-keypair",
            "metadata": null,
            "name": "db-2",
            "network": [
              {
                "access_network": false,
                "fixed_ip_v4": "192.168.20.169",
                "fixed_ip_v6": "",
                "floating_ip": "",
                "mac": "fa:16:3e:6f:26:8f",
                "name": "Backend",
                "port": "",
                "uuid": "ee2714b2-9dac-406f-8e54-29eb11c25298"
              }
            ],
            "network_mode": null,
            "personality": [],
            "power_state": "active",
            "region": "RegionOne",
            "scheduler_hints": [
              {
                "additional_properties": null,
                "build_near_host_ip": "",
                "different_cell": [],
                "different_host": [],
                "group": "6359ed6f-a39f-4f73-a17f-dfc980b6e1d8",
                "query": [],
                "same_host": [],
                "target_cell": ""
              }
            ],
            "security_groups": [
              "Backend servers"
            ],
            "stop_before_destroy": false,
            "tags": null,
            "timeouts": null,
            "updated": "2024-05-29 13:38:25 +0000 UTC",
            "user_data": null,
            "vendor_options": [],
            "volume": []
          },
          "sensitive_attributes": [
            [
              {
                "type": "get_attr",
                "value": "admin_pass"
              }
            ]
          ],
          "private": "eyJlMmJmYjczMC1lY2FhLTExZTYtOGY4OC0zNDM2M2JjN2M0YzAiOnsiY3JlYXRlIjoxODAwMDAwMDAwMDAwLCJkZWxldGUiOjE4MDAwMDAwMDAwMDAsInVwZGF0ZSI6MTgwMDAwMDAwMDAwMH19",
          "dependencies": [
            "data.local_file.alice-public-key",
            "openstack_compute_keypair_v2.alice-keypair",
            "openstack_compute_servergroup_v2.backend-servers",
            "openstack_identity_project_v3.engineering-domain",
            "openstack_identity_project_v3.production-project",
            "openstack_identity_user_v3.alice",
            "openstack_images_image_v2.ubuntu-jammy",
            "openstack_networking_network_v2.backend-network",
            "openstack_networking_secgroup_v2.backend-servers-secgroup"
          ]
        }
      ]
    },
    {
      "mode": "managed",
      "type": "openstack_compute_instance_v2",
      "name": "jumphost",
      "provider": "provider[\"registry.terraform.io/terraform-provider-openstack/openstack\"].alice",
      "instances": [
        {
          "schema_version": 0,
          "attributes": {
            "access_ip_v4": "192.168.10.52",
            "access_ip_v6": "",
            "admin_pass": null,
            "all_metadata": {},
            "all_tags": [],
            "availability_zone": "nova",
            "availability_zone_hints": null,
            "block_device": [],
            "config_drive": null,
            "created": "2024-05-29 13:37:34 +0000 UTC",
            "flavor_id": "2",
            "flavor_name": "m1.small",
            "floating_ip": null,
            "force_delete": false,
            "id": "afad9f09-5fe1-4ff7-b6ab-8acfd65996b1",
            "image_id": "3cfa3a33-3ddf-445f-938b-04250a5e1523",
            "image_name": "Ubuntu Server 22.04 (Jammy Jellyfish)",
            "key_pair": "alice-keypair",
            "metadata": null,
            "name": "jumphost",
            "network": [
              {
                "access_network": false,
                "fixed_ip_v4": "192.168.10.52",
                "fixed_ip_v6": "",
                "floating_ip": "",
                "mac": "fa:16:3e:0a:b5:32",
                "name": "Frontend",
                "port": "",
                "uuid": "e0dd19ec-fc86-4836-8aec-35e2542496d4"
              }
            ],
            "network_mode": null,
            "personality": [],
            "power_state": "active",
            "region": "RegionOne",
            "scheduler_hints": [
              {
                "additional_properties": null,
                "build_near_host_ip": "",
                "different_cell": [],
                "different_host": [],
                "group": "6d946cd9-b65c-4b52-8835-76458e9cb726",
                "query": [],
                "same_host": [],
                "target_cell": ""
              }
            ],
            "security_groups": [
              "Jumphost servers"
            ],
            "stop_before_destroy": false,
            "tags": null,
            "timeouts": null,
            "updated": "2024-05-29 13:38:15 +0000 UTC",
            "user_data": null,
            "vendor_options": [],
            "volume": []
          },
          "sensitive_attributes": [
            [
              {
                "type": "get_attr",
                "value": "admin_pass"
              }
            ]
          ],
          "private": "eyJlMmJmYjczMC1lY2FhLTExZTYtOGY4OC0zNDM2M2JjN2M0YzAiOnsiY3JlYXRlIjoxODAwMDAwMDAwMDAwLCJkZWxldGUiOjE4MDAwMDAwMDAwMDAsInVwZGF0ZSI6MTgwMDAwMDAwMDAwMH19",
          "dependencies": [
            "data.local_file.alice-public-key",
            "openstack_compute_keypair_v2.alice-keypair",
            "openstack_compute_servergroup_v2.frontend-servers",
            "openstack_identity_project_v3.engineering-domain",
            "openstack_identity_project_v3.production-project",
            "openstack_identity_user_v3.alice",
            "openstack_images_image_v2.ubuntu-jammy",
            "openstack_networking_network_v2.frontend-network",
            "openstack_networking_secgroup_v2.jumphost-servers-secgroup"
          ]
        }
      ]
    },
    {
      "mode": "managed",
      "type": "openstack_compute_keypair_v2",
      "name": "alice-keypair",
      "provider": "provider[\"registry.terraform.io/terraform-provider-openstack/openstack\"]",
      "instances": [
        {
          "schema_version": 0,
          "attributes": {
            "fingerprint": "22:fe:b1:9b:49:e1:d7:e1:fa:5a:c3:65:67:54:cf:47",
            "id": "alice-keypair",
            "name": "alice-keypair",
            "private_key": "",
            "public_key": "ssh-rsa AAAAB3NzaC1yc2EAAAADAQABAAABAQCxI+m5X6UbsuADhgd06gLyhufmBYZdFp/YguNZx3L+BslcBTZ3K4LU/aCfzcrE9GlRkMDfDA0d/imEo2SMuvKtJOYjLh3uQGpkfJ1Ug+jokMUqOpv/NaYCFHJ5gVErIHMZIDCYedbbOh1DtYudwA7c+4IDaOmbqGseDSaTPgknZBj248lRWsSpHKewbqMDlt+vpWBY+zVgIsXOa5iBmiS3zLWTfzLs/9EAEmgxgMoBXzQW7isYa3OsPxgV8Rh2216Xu9OFOvUSCiPw9LipUfvghcAt5BxuqqBc5cIQAjC4p2QvX3fdSr1GEEQezuBQyvatVMqeWrShM2kIX8ds/Mev ubuntu@OrangeBox24\n",
            "region": "RegionOne",
            "user_id": "12862d343e714ce09b6f93c30510da30",
            "value_specs": null
          },
          "sensitive_attributes": [],
          "private": "bnVsbA==",
          "dependencies": [
            "data.local_file.alice-public-key",
            "openstack_identity_project_v3.engineering-domain",
            "openstack_identity_project_v3.production-project",
            "openstack_identity_user_v3.alice"
          ]
        }
      ]
    },
    {
      "mode": "managed",
      "type": "openstack_compute_servergroup_v2",
      "name": "backend-servers",
      "provider": "provider[\"registry.terraform.io/terraform-provider-openstack/openstack\"].alice",
      "instances": [
        {
          "schema_version": 0,
          "attributes": {
            "id": "6359ed6f-a39f-4f73-a17f-dfc980b6e1d8",
            "members": [],
            "name": "Backend Servers",
            "policies": [
              "soft-anti-affinity"
            ],
            "region": "RegionOne",
            "value_specs": null
          },
          "sensitive_attributes": [],
          "private": "bnVsbA==",
          "dependencies": [
            "openstack_identity_project_v3.engineering-domain",
            "openstack_identity_project_v3.production-project",
            "openstack_identity_user_v3.alice"
          ]
        }
      ]
    },
    {
      "mode": "managed",
      "type": "openstack_compute_servergroup_v2",
      "name": "frontend-servers",
      "provider": "provider[\"registry.terraform.io/terraform-provider-openstack/openstack\"].alice",
      "instances": [
        {
          "schema_version": 0,
          "attributes": {
            "id": "6d946cd9-b65c-4b52-8835-76458e9cb726",
            "members": [],
            "name": "Frontend Servers",
            "policies": [
              "soft-anti-affinity"
            ],
            "region": "RegionOne",
            "value_specs": null
          },
          "sensitive_attributes": [],
          "private": "bnVsbA==",
          "dependencies": [
            "openstack_identity_project_v3.engineering-domain",
            "openstack_identity_project_v3.production-project",
            "openstack_identity_user_v3.alice"
          ]
        }
      ]
    },
    {
      "mode": "managed",
      "type": "openstack_compute_volume_attach_v2",
      "name": "db-1-volume-attachment",
      "provider": "provider[\"registry.terraform.io/terraform-provider-openstack/openstack\"]",
      "instances": [
        {
          "schema_version": 0,
          "attributes": {
            "device": "/dev/vdb",
            "id": "c910ef65-deeb-4e41-930d-a988d4c6e3ae/0ccc72c1-c996-4f0d-bc23-06692ec993ca",
            "instance_id": "c910ef65-deeb-4e41-930d-a988d4c6e3ae",
            "multiattach": null,
            "region": "RegionOne",
            "timeouts": null,
            "vendor_options": [],
            "volume_id": "0ccc72c1-c996-4f0d-bc23-06692ec993ca"
          },
          "sensitive_attributes": [],
          "private": "eyJlMmJmYjczMC1lY2FhLTExZTYtOGY4OC0zNDM2M2JjN2M0YzAiOnsiY3JlYXRlIjo2MDAwMDAwMDAwMDAsImRlbGV0ZSI6NjAwMDAwMDAwMDAwfX0=",
          "dependencies": [
            "data.local_file.alice-public-key",
            "openstack_blockstorage_volume_v3.db-1-volume",
            "openstack_compute_instance_v2.db-1",
            "openstack_compute_keypair_v2.alice-keypair",
            "openstack_compute_servergroup_v2.backend-servers",
            "openstack_identity_project_v3.engineering-domain",
            "openstack_identity_project_v3.production-project",
            "openstack_identity_user_v3.alice",
            "openstack_images_image_v2.ubuntu-jammy",
            "openstack_networking_network_v2.backend-network",
            "openstack_networking_secgroup_v2.backend-servers-secgroup"
          ]
        }
      ]
    },
    {
      "mode": "managed",
      "type": "openstack_compute_volume_attach_v2",
      "name": "db-2-volume-attachment",
      "provider": "provider[\"registry.terraform.io/terraform-provider-openstack/openstack\"]",
      "instances": [
        {
          "schema_version": 0,
          "attributes": {
            "device": "/dev/vdb",
            "id": "6b75c53c-d265-4619-9c05-2f923d50028c/6464f6b2-9688-4983-817b-97134c59e3bc",
            "instance_id": "6b75c53c-d265-4619-9c05-2f923d50028c",
            "multiattach": null,
            "region": "RegionOne",
            "timeouts": null,
            "vendor_options": [],
            "volume_id": "6464f6b2-9688-4983-817b-97134c59e3bc"
          },
          "sensitive_attributes": [],
          "private": "eyJlMmJmYjczMC1lY2FhLTExZTYtOGY4OC0zNDM2M2JjN2M0YzAiOnsiY3JlYXRlIjo2MDAwMDAwMDAwMDAsImRlbGV0ZSI6NjAwMDAwMDAwMDAwfX0=",
          "dependencies": [
            "data.local_file.alice-public-key",
            "openstack_blockstorage_volume_v3.db-2-volume",
            "openstack_compute_instance_v2.db-2",
            "openstack_compute_keypair_v2.alice-keypair",
            "openstack_compute_servergroup_v2.backend-servers",
            "openstack_identity_project_v3.engineering-domain",
            "openstack_identity_project_v3.production-project",
            "openstack_identity_user_v3.alice",
            "openstack_images_image_v2.ubuntu-jammy",
            "openstack_networking_network_v2.backend-network",
            "openstack_networking_secgroup_v2.backend-servers-secgroup"
          ]
        }
      ]
    },
    {
      "mode": "managed",
      "type": "openstack_dns_recordset_v2",
      "name": "recordset-example-zone",
      "provider": "provider[\"registry.terraform.io/terraform-provider-openstack/openstack\"].alice",
      "instances": [
        {
          "schema_version": 0,
          "attributes": {
            "description": "DNS A record pointing to Web Loadbalancer",
            "disable_status_check": false,
            "id": "c32d8535-726b-46f8-87f8-2577d1c0249d/c464517f-ddc6-4068-8e78-ad762c85c2d1",
            "name": "www.example.com.",
            "project_id": "492c0c6f88724ad6bc46ade3100d3cec",
            "records": [
              "172.27.26.197"
            ],
            "region": "RegionOne",
            "timeouts": null,
            "ttl": 3000,
            "type": "A",
            "value_specs": null,
            "zone_id": "c32d8535-726b-46f8-87f8-2577d1c0249d"
          },
          "sensitive_attributes": [],
          "private": "eyJlMmJmYjczMC1lY2FhLTExZTYtOGY4OC0zNDM2M2JjN2M0YzAiOnsiY3JlYXRlIjo2MDAwMDAwMDAwMDAsImRlbGV0ZSI6NjAwMDAwMDAwMDAwLCJ1cGRhdGUiOjYwMDAwMDAwMDAwMH19",
          "dependencies": [
            "data.openstack_networking_network_v2.ext-net",
            "openstack_dns_zone_v2.example-zone",
            "openstack_identity_project_v3.engineering-domain",
            "openstack_identity_project_v3.production-project",
            "openstack_identity_user_v3.alice",
            "openstack_networking_floatingip_v2.web-loadbalancer-floating-ip"
          ]
        }
      ]
    },
    {
      "mode": "managed",
      "type": "openstack_dns_zone_v2",
      "name": "example-zone",
      "provider": "provider[\"registry.terraform.io/terraform-provider-openstack/openstack\"].alice",
      "instances": [
        {
          "schema_version": 0,
          "attributes": {
            "attributes": null,
            "description": "An example zone",
            "disable_status_check": false,
            "email": "jdoe@example.com",
            "id": "c32d8535-726b-46f8-87f8-2577d1c0249d",
            "masters": null,
            "name": "example.com.",
            "project_id": "492c0c6f88724ad6bc46ade3100d3cec",
            "region": "RegionOne",
            "timeouts": null,
            "ttl": 3000,
            "type": "PRIMARY",
            "value_specs": null
          },
          "sensitive_attributes": [],
          "private": "eyJlMmJmYjczMC1lY2FhLTExZTYtOGY4OC0zNDM2M2JjN2M0YzAiOnsiY3JlYXRlIjo2MDAwMDAwMDAwMDAsImRlbGV0ZSI6NjAwMDAwMDAwMDAwLCJ1cGRhdGUiOjYwMDAwMDAwMDAwMH19",
          "dependencies": [
            "openstack_identity_project_v3.engineering-domain",
            "openstack_identity_project_v3.production-project",
            "openstack_identity_user_v3.alice"
          ]
        }
      ]
    },
    {
      "mode": "managed",
      "type": "openstack_identity_group_v3",
      "name": "admins-group",
      "provider": "provider[\"registry.terraform.io/terraform-provider-openstack/openstack\"]",
      "instances": [
        {
          "schema_version": 0,
          "attributes": {
            "description": "Admins group",
            "domain_id": "f3e4a3025ca34f69bbd70b5f36f7750c",
            "id": "86dcb8e9c73d468ab3e0df7f8f5e1993",
            "name": "Admins",
            "region": "RegionOne"
          },
          "sensitive_attributes": [],
          "private": "bnVsbA==",
          "dependencies": [
            "openstack_identity_project_v3.engineering-domain"
          ]
        }
      ]
    },
    {
      "mode": "managed",
      "type": "openstack_identity_group_v3",
      "name": "developers-group",
      "provider": "provider[\"registry.terraform.io/terraform-provider-openstack/openstack\"]",
      "instances": [
        {
          "schema_version": 0,
          "attributes": {
            "description": "Developers group",
            "domain_id": "f3e4a3025ca34f69bbd70b5f36f7750c",
            "id": "8e7d18f5364e47daa095e50fad29b6cb",
            "name": "Developers",
            "region": "RegionOne"
          },
          "sensitive_attributes": [],
          "private": "bnVsbA==",
          "dependencies": [
            "openstack_identity_project_v3.engineering-domain"
          ]
        }
      ]
    },
    {
      "mode": "managed",
      "type": "openstack_identity_group_v3",
      "name": "devops-group",
      "provider": "provider[\"registry.terraform.io/terraform-provider-openstack/openstack\"]",
      "instances": [
        {
          "schema_version": 0,
          "attributes": {
            "description": "DevOps group",
            "domain_id": "f3e4a3025ca34f69bbd70b5f36f7750c",
            "id": "0bc4b16e5bce45fe92f3354bf6e790cd",
            "name": "DevOps",
            "region": "RegionOne"
          },
          "sensitive_attributes": [],
          "private": "bnVsbA==",
          "dependencies": [
            "openstack_identity_project_v3.engineering-domain"
          ]
        }
      ]
    },
    {
      "mode": "managed",
      "type": "openstack_identity_group_v3",
      "name": "domain-admins-group",
      "provider": "provider[\"registry.terraform.io/terraform-provider-openstack/openstack\"]",
      "instances": [
        {
          "schema_version": 0,
          "attributes": {
            "description": "Domain Admins group",
            "domain_id": "f3e4a3025ca34f69bbd70b5f36f7750c",
            "id": "adca0892226145c6aaf5f65589d9402f",
            "name": "Domain Admins",
            "region": "RegionOne"
          },
          "sensitive_attributes": [],
          "private": "bnVsbA==",
          "dependencies": [
            "openstack_identity_project_v3.engineering-domain"
          ]
        }
      ]
    },
    {
      "mode": "managed",
      "type": "openstack_identity_project_v3",
      "name": "administration-domain",
      "provider": "provider[\"registry.terraform.io/terraform-provider-openstack/openstack\"]",
      "instances": [
        {
          "schema_version": 0,
          "attributes": {
            "description": "Administration domain",
            "domain_id": "",
            "enabled": true,
            "id": "559cfdb4d3d349609c261180737f0f70",
            "is_domain": true,
            "name": "Administration",
            "parent_id": "",
            "region": "RegionOne",
            "tags": null
          },
          "sensitive_attributes": [],
          "private": "bnVsbA=="
        }
      ]
    },
    {
      "mode": "managed",
      "type": "openstack_identity_project_v3",
      "name": "development-project",
      "provider": "provider[\"registry.terraform.io/terraform-provider-openstack/openstack\"]",
      "instances": [
        {
          "schema_version": 0,
          "attributes": {
            "description": "Accessible by members of Developers group",
            "domain_id": "f3e4a3025ca34f69bbd70b5f36f7750c",
            "enabled": true,
            "id": "cd31f5ea91cf4bc19b5d5cd6bc20ebfa",
            "is_domain": false,
            "name": "Development",
            "parent_id": "f3e4a3025ca34f69bbd70b5f36f7750c",
            "region": "RegionOne",
            "tags": null
          },
          "sensitive_attributes": [],
          "private": "bnVsbA==",
          "dependencies": [
            "openstack_identity_project_v3.engineering-domain"
          ]
        }
      ]
    },
    {
      "mode": "managed",
      "type": "openstack_identity_project_v3",
      "name": "engineering-domain",
      "provider": "provider[\"registry.terraform.io/terraform-provider-openstack/openstack\"]",
      "instances": [
        {
          "schema_version": 0,
          "attributes": {
            "description": "Engineering domain",
            "domain_id": "",
            "enabled": true,
            "id": "f3e4a3025ca34f69bbd70b5f36f7750c",
            "is_domain": true,
            "name": "Engineering",
            "parent_id": "",
            "region": "RegionOne",
            "tags": null
          },
          "sensitive_attributes": [],
          "private": "bnVsbA=="
        }
      ]
    },
    {
      "mode": "managed",
      "type": "openstack_identity_project_v3",
      "name": "production-project",
      "provider": "provider[\"registry.terraform.io/terraform-provider-openstack/openstack\"]",
      "instances": [
        {
          "schema_version": 0,
          "attributes": {
            "description": "Accessible by members of DevOps group",
            "domain_id": "f3e4a3025ca34f69bbd70b5f36f7750c",
            "enabled": true,
            "id": "492c0c6f88724ad6bc46ade3100d3cec",
            "is_domain": false,
            "name": "Production",
            "parent_id": "f3e4a3025ca34f69bbd70b5f36f7750c",
            "region": "RegionOne",
            "tags": null
          },
          "sensitive_attributes": [],
          "private": "bnVsbA==",
          "dependencies": [
            "openstack_identity_project_v3.engineering-domain"
          ]
        }
      ]
    },
    {
      "mode": "managed",
      "type": "openstack_identity_project_v3",
      "name": "staging-project",
      "provider": "provider[\"registry.terraform.io/terraform-provider-openstack/openstack\"]",
      "instances": [
        {
          "schema_version": 0,
          "attributes": {
            "description": "Accessible by members of DevOps and Developers groups",
            "domain_id": "f3e4a3025ca34f69bbd70b5f36f7750c",
            "enabled": true,
            "id": "aa640621ced843b3a2928c372506f815",
            "is_domain": false,
            "name": "Staging",
            "parent_id": "f3e4a3025ca34f69bbd70b5f36f7750c",
            "region": "RegionOne",
            "tags": null
          },
          "sensitive_attributes": [],
          "private": "bnVsbA==",
          "dependencies": [
            "openstack_identity_project_v3.engineering-domain"
          ]
        }
      ]
    },
    {
      "mode": "managed",
      "type": "openstack_identity_project_v3",
      "name": "support-domain",
      "provider": "provider[\"registry.terraform.io/terraform-provider-openstack/openstack\"]",
      "instances": [
        {
          "schema_version": 0,
          "attributes": {
            "description": "Support domain",
            "domain_id": "",
            "enabled": true,
            "id": "689fe36611ed42d2bbf9d7c682056858",
            "is_domain": true,
            "name": "Support",
            "parent_id": "",
            "region": "RegionOne",
            "tags": null
          },
          "sensitive_attributes": [],
          "private": "bnVsbA=="
        }
      ]
    },
    {
      "mode": "managed",
      "type": "openstack_identity_role_assignment_v3",
      "name": "development-admins-admin",
      "provider": "provider[\"registry.terraform.io/terraform-provider-openstack/openstack\"]",
      "instances": [
        {
          "schema_version": 0,
          "attributes": {
            "domain_id": "",
            "group_id": "86dcb8e9c73d468ab3e0df7f8f5e1993",
            "id": "/cd31f5ea91cf4bc19b5d5cd6bc20ebfa/86dcb8e9c73d468ab3e0df7f8f5e1993//f2833abe030545b8808611463bca7a29",
            "project_id": "cd31f5ea91cf4bc19b5d5cd6bc20ebfa",
            "region": "RegionOne",
            "role_id": "f2833abe030545b8808611463bca7a29",
            "user_id": ""
          },
          "sensitive_attributes": [],
          "private": "bnVsbA==",
          "dependencies": [
            "data.openstack_identity_role_v3.admin-role",
            "openstack_identity_group_v3.admins-group",
            "openstack_identity_project_v3.development-project",
            "openstack_identity_project_v3.engineering-domain"
          ]
        }
      ]
    },
    {
      "mode": "managed",
      "type": "openstack_identity_role_assignment_v3",
      "name": "development-developers-member",
      "provider": "provider[\"registry.terraform.io/terraform-provider-openstack/openstack\"]",
      "instances": [
        {
          "schema_version": 0,
          "attributes": {
            "domain_id": "",
            "group_id": "8e7d18f5364e47daa095e50fad29b6cb",
            "id": "/cd31f5ea91cf4bc19b5d5cd6bc20ebfa/8e7d18f5364e47daa095e50fad29b6cb//4e296ebb59b749a3b4f751f61762583b",
            "project_id": "cd31f5ea91cf4bc19b5d5cd6bc20ebfa",
            "region": "RegionOne",
            "role_id": "4e296ebb59b749a3b4f751f61762583b",
            "user_id": ""
          },
          "sensitive_attributes": [],
          "private": "bnVsbA==",
          "dependencies": [
            "data.openstack_identity_role_v3.member-role",
            "openstack_identity_group_v3.developers-group",
            "openstack_identity_project_v3.development-project",
            "openstack_identity_project_v3.engineering-domain"
          ]
        }
      ]
    },
    {
      "mode": "managed",
      "type": "openstack_identity_role_assignment_v3",
      "name": "development-devops-reader",
      "provider": "provider[\"registry.terraform.io/terraform-provider-openstack/openstack\"]",
      "instances": [
        {
          "schema_version": 0,
          "attributes": {
            "domain_id": "",
            "group_id": "0bc4b16e5bce45fe92f3354bf6e790cd",
            "id": "/cd31f5ea91cf4bc19b5d5cd6bc20ebfa/0bc4b16e5bce45fe92f3354bf6e790cd//a25aaa3397044a968a595ec6ad90ee4c",
            "project_id": "cd31f5ea91cf4bc19b5d5cd6bc20ebfa",
            "region": "RegionOne",
            "role_id": "a25aaa3397044a968a595ec6ad90ee4c",
            "user_id": ""
          },
          "sensitive_attributes": [],
          "private": "bnVsbA==",
          "dependencies": [
            "data.openstack_identity_role_v3.reader-role",
            "openstack_identity_group_v3.devops-group",
            "openstack_identity_project_v3.development-project",
            "openstack_identity_project_v3.engineering-domain"
          ]
        }
      ]
    },
    {
      "mode": "managed",
      "type": "openstack_identity_role_assignment_v3",
      "name": "engineering-domain-admins-admin",
      "provider": "provider[\"registry.terraform.io/terraform-provider-openstack/openstack\"]",
      "instances": [
        {
          "schema_version": 0,
          "attributes": {
            "domain_id": "f3e4a3025ca34f69bbd70b5f36f7750c",
            "group_id": "adca0892226145c6aaf5f65589d9402f",
            "id": "f3e4a3025ca34f69bbd70b5f36f7750c//adca0892226145c6aaf5f65589d9402f//f2833abe030545b8808611463bca7a29",
            "project_id": "",
            "region": "RegionOne",
            "role_id": "f2833abe030545b8808611463bca7a29",
            "user_id": ""
          },
          "sensitive_attributes": [],
          "private": "bnVsbA==",
          "dependencies": [
            "data.openstack_identity_role_v3.admin-role",
            "openstack_identity_group_v3.domain-admins-group",
            "openstack_identity_project_v3.engineering-domain"
          ]
        }
      ]
    },
    {
      "mode": "managed",
      "type": "openstack_identity_role_assignment_v3",
      "name": "production-admins-admin",
      "provider": "provider[\"registry.terraform.io/terraform-provider-openstack/openstack\"]",
      "instances": [
        {
          "schema_version": 0,
          "attributes": {
            "domain_id": "",
            "group_id": "86dcb8e9c73d468ab3e0df7f8f5e1993",
            "id": "/492c0c6f88724ad6bc46ade3100d3cec/86dcb8e9c73d468ab3e0df7f8f5e1993//f2833abe030545b8808611463bca7a29",
            "project_id": "492c0c6f88724ad6bc46ade3100d3cec",
            "region": "RegionOne",
            "role_id": "f2833abe030545b8808611463bca7a29",
            "user_id": ""
          },
          "sensitive_attributes": [],
          "private": "bnVsbA==",
          "dependencies": [
            "data.openstack_identity_role_v3.admin-role",
            "openstack_identity_group_v3.admins-group",
            "openstack_identity_project_v3.engineering-domain",
            "openstack_identity_project_v3.production-project"
          ]
        }
      ]
    },
    {
      "mode": "managed",
      "type": "openstack_identity_role_assignment_v3",
      "name": "production-admins-load-balancer-admin",
      "provider": "provider[\"registry.terraform.io/terraform-provider-openstack/openstack\"]",
      "instances": [
        {
          "schema_version": 0,
          "attributes": {
            "domain_id": "",
            "group_id": "86dcb8e9c73d468ab3e0df7f8f5e1993",
            "id": "/492c0c6f88724ad6bc46ade3100d3cec/86dcb8e9c73d468ab3e0df7f8f5e1993//fcb3eee5521140f3b85d90f83296da7a",
            "project_id": "492c0c6f88724ad6bc46ade3100d3cec",
            "region": "RegionOne",
            "role_id": "fcb3eee5521140f3b85d90f83296da7a",
            "user_id": ""
          },
          "sensitive_attributes": [],
          "private": "bnVsbA==",
          "dependencies": [
            "data.openstack_identity_role_v3.load-balancer-admin-role",
            "openstack_identity_group_v3.admins-group",
            "openstack_identity_project_v3.engineering-domain",
            "openstack_identity_project_v3.production-project"
          ]
        }
      ]
    },
    {
      "mode": "managed",
      "type": "openstack_identity_role_assignment_v3",
      "name": "production-devops-member",
      "provider": "provider[\"registry.terraform.io/terraform-provider-openstack/openstack\"]",
      "instances": [
        {
          "schema_version": 0,
          "attributes": {
            "domain_id": "",
            "group_id": "0bc4b16e5bce45fe92f3354bf6e790cd",
            "id": "/492c0c6f88724ad6bc46ade3100d3cec/0bc4b16e5bce45fe92f3354bf6e790cd//4e296ebb59b749a3b4f751f61762583b",
            "project_id": "492c0c6f88724ad6bc46ade3100d3cec",
            "region": "RegionOne",
            "role_id": "4e296ebb59b749a3b4f751f61762583b",
            "user_id": ""
          },
          "sensitive_attributes": [],
          "private": "bnVsbA==",
          "dependencies": [
            "data.openstack_identity_role_v3.member-role",
            "openstack_identity_group_v3.devops-group",
            "openstack_identity_project_v3.engineering-domain",
            "openstack_identity_project_v3.production-project"
          ]
        }
      ]
    },
    {
      "mode": "managed",
      "type": "openstack_identity_role_assignment_v3",
      "name": "staging-admins-admin",
      "provider": "provider[\"registry.terraform.io/terraform-provider-openstack/openstack\"]",
      "instances": [
        {
          "schema_version": 0,
          "attributes": {
            "domain_id": "",
            "group_id": "86dcb8e9c73d468ab3e0df7f8f5e1993",
            "id": "/aa640621ced843b3a2928c372506f815/86dcb8e9c73d468ab3e0df7f8f5e1993//f2833abe030545b8808611463bca7a29",
            "project_id": "aa640621ced843b3a2928c372506f815",
            "region": "RegionOne",
            "role_id": "f2833abe030545b8808611463bca7a29",
            "user_id": ""
          },
          "sensitive_attributes": [],
          "private": "bnVsbA==",
          "dependencies": [
            "data.openstack_identity_role_v3.admin-role",
            "openstack_identity_group_v3.admins-group",
            "openstack_identity_project_v3.engineering-domain",
            "openstack_identity_project_v3.staging-project"
          ]
        }
      ]
    },
    {
      "mode": "managed",
      "type": "openstack_identity_role_assignment_v3",
      "name": "staging-developers-reader",
      "provider": "provider[\"registry.terraform.io/terraform-provider-openstack/openstack\"]",
      "instances": [
        {
          "schema_version": 0,
          "attributes": {
            "domain_id": "",
            "group_id": "8e7d18f5364e47daa095e50fad29b6cb",
            "id": "/aa640621ced843b3a2928c372506f815/8e7d18f5364e47daa095e50fad29b6cb//a25aaa3397044a968a595ec6ad90ee4c",
            "project_id": "aa640621ced843b3a2928c372506f815",
            "region": "RegionOne",
            "role_id": "a25aaa3397044a968a595ec6ad90ee4c",
            "user_id": ""
          },
          "sensitive_attributes": [],
          "private": "bnVsbA==",
          "dependencies": [
            "data.openstack_identity_role_v3.reader-role",
            "openstack_identity_group_v3.developers-group",
            "openstack_identity_project_v3.engineering-domain",
            "openstack_identity_project_v3.staging-project"
          ]
        }
      ]
    },
    {
      "mode": "managed",
      "type": "openstack_identity_role_assignment_v3",
      "name": "staging-devops-member",
      "provider": "provider[\"registry.terraform.io/terraform-provider-openstack/openstack\"]",
      "instances": [
        {
          "schema_version": 0,
          "attributes": {
            "domain_id": "",
            "group_id": "0bc4b16e5bce45fe92f3354bf6e790cd",
            "id": "/aa640621ced843b3a2928c372506f815/0bc4b16e5bce45fe92f3354bf6e790cd//4e296ebb59b749a3b4f751f61762583b",
            "project_id": "aa640621ced843b3a2928c372506f815",
            "region": "RegionOne",
            "role_id": "4e296ebb59b749a3b4f751f61762583b",
            "user_id": ""
          },
          "sensitive_attributes": [],
          "private": "bnVsbA==",
          "dependencies": [
            "data.openstack_identity_role_v3.member-role",
            "openstack_identity_group_v3.devops-group",
            "openstack_identity_project_v3.engineering-domain",
            "openstack_identity_project_v3.staging-project"
          ]
        }
      ]
    },
    {
      "mode": "managed",
      "type": "openstack_identity_user_membership_v3",
      "name": "alice-admins",
      "provider": "provider[\"registry.terraform.io/terraform-provider-openstack/openstack\"]",
      "instances": [
        {
          "schema_version": 0,
          "attributes": {
            "group_id": "86dcb8e9c73d468ab3e0df7f8f5e1993",
            "id": "12862d343e714ce09b6f93c30510da30/86dcb8e9c73d468ab3e0df7f8f5e1993",
            "region": "RegionOne",
            "user_id": "12862d343e714ce09b6f93c30510da30"
          },
          "sensitive_attributes": [],
          "private": "bnVsbA==",
          "dependencies": [
            "openstack_identity_group_v3.admins-group",
            "openstack_identity_project_v3.engineering-domain",
            "openstack_identity_project_v3.production-project",
            "openstack_identity_user_v3.alice"
          ]
        }
      ]
    },
    {
      "mode": "managed",
      "type": "openstack_identity_user_membership_v3",
      "name": "alice-domain-admins",
      "provider": "provider[\"registry.terraform.io/terraform-provider-openstack/openstack\"]",
      "instances": [
        {
          "schema_version": 0,
          "attributes": {
            "group_id": "adca0892226145c6aaf5f65589d9402f",
            "id": "12862d343e714ce09b6f93c30510da30/adca0892226145c6aaf5f65589d9402f",
            "region": "RegionOne",
            "user_id": "12862d343e714ce09b6f93c30510da30"
          },
          "sensitive_attributes": [],
          "private": "bnVsbA==",
          "dependencies": [
            "openstack_identity_group_v3.domain-admins-group",
            "openstack_identity_project_v3.engineering-domain",
            "openstack_identity_project_v3.production-project",
            "openstack_identity_user_v3.alice"
          ]
        }
      ]
    },
    {
      "mode": "managed",
      "type": "openstack_identity_user_membership_v3",
      "name": "bob-devops",
      "provider": "provider[\"registry.terraform.io/terraform-provider-openstack/openstack\"]",
      "instances": [
        {
          "schema_version": 0,
          "attributes": {
            "group_id": "0bc4b16e5bce45fe92f3354bf6e790cd",
            "id": "6eac04fa599e47dcae96e885566ffc53/0bc4b16e5bce45fe92f3354bf6e790cd",
            "region": "RegionOne",
            "user_id": "6eac04fa599e47dcae96e885566ffc53"
          },
          "sensitive_attributes": [],
          "private": "bnVsbA==",
          "dependencies": [
            "openstack_identity_group_v3.devops-group",
            "openstack_identity_project_v3.engineering-domain",
            "openstack_identity_project_v3.staging-project",
            "openstack_identity_user_v3.bob"
          ]
        }
      ]
    },
    {
      "mode": "managed",
      "type": "openstack_identity_user_membership_v3",
      "name": "cindy-devops",
      "provider": "provider[\"registry.terraform.io/terraform-provider-openstack/openstack\"]",
      "instances": [
        {
          "schema_version": 0,
          "attributes": {
            "group_id": "0bc4b16e5bce45fe92f3354bf6e790cd",
            "id": "ea729654f53b404596cf09a474e334a2/0bc4b16e5bce45fe92f3354bf6e790cd",
            "region": "RegionOne",
            "user_id": "ea729654f53b404596cf09a474e334a2"
          },
          "sensitive_attributes": [],
          "private": "bnVsbA==",
          "dependencies": [
            "openstack_identity_group_v3.devops-group",
            "openstack_identity_project_v3.engineering-domain",
            "openstack_identity_project_v3.staging-project",
            "openstack_identity_user_v3.cindy"
          ]
        }
      ]
    },
    {
      "mode": "managed",
      "type": "openstack_identity_user_membership_v3",
      "name": "dave-developers",
      "provider": "provider[\"registry.terraform.io/terraform-provider-openstack/openstack\"]",
      "instances": [
        {
          "schema_version": 0,
          "attributes": {
            "group_id": "8e7d18f5364e47daa095e50fad29b6cb",
            "id": "debb200f3d954ae784eb5ba3ec58de0a/8e7d18f5364e47daa095e50fad29b6cb",
            "region": "RegionOne",
            "user_id": "debb200f3d954ae784eb5ba3ec58de0a"
          },
          "sensitive_attributes": [],
          "private": "bnVsbA==",
          "dependencies": [
            "openstack_identity_group_v3.developers-group",
            "openstack_identity_project_v3.development-project",
            "openstack_identity_project_v3.engineering-domain",
            "openstack_identity_user_v3.dave"
          ]
        }
      ]
    },
    {
      "mode": "managed",
      "type": "openstack_identity_user_membership_v3",
      "name": "ed-developers",
      "provider": "provider[\"registry.terraform.io/terraform-provider-openstack/openstack\"]",
      "instances": [
        {
          "schema_version": 0,
          "attributes": {
            "group_id": "8e7d18f5364e47daa095e50fad29b6cb",
            "id": "67d5186f22ca458fa604adc411302e80/8e7d18f5364e47daa095e50fad29b6cb",
            "region": "RegionOne",
            "user_id": "67d5186f22ca458fa604adc411302e80"
          },
          "sensitive_attributes": [],
          "private": "bnVsbA==",
          "dependencies": [
            "openstack_identity_group_v3.developers-group",
            "openstack_identity_project_v3.development-project",
            "openstack_identity_project_v3.engineering-domain",
            "openstack_identity_user_v3.ed"
          ]
        }
      ]
    },
    {
      "mode": "managed",
      "type": "openstack_identity_user_v3",
      "name": "alice",
      "provider": "provider[\"registry.terraform.io/terraform-provider-openstack/openstack\"]",
      "instances": [
        {
          "schema_version": 0,
          "attributes": {
            "default_project_id": "492c0c6f88724ad6bc46ade3100d3cec",
            "description": "",
            "domain_id": "f3e4a3025ca34f69bbd70b5f36f7750c",
            "enabled": true,
            "extra": null,
            "id": "12862d343e714ce09b6f93c30510da30",
            "ignore_change_password_upon_first_use": true,
            "ignore_lockout_failure_attempts": null,
            "ignore_password_expiry": null,
            "multi_factor_auth_enabled": false,
            "multi_factor_auth_rule": [],
            "name": "Alice",
            "password": "Alice",
            "region": "RegionOne"
          },
          "sensitive_attributes": [
            [
              {
                "type": "get_attr",
                "value": "password"
              }
            ]
          ],
          "private": "bnVsbA==",
          "dependencies": [
            "openstack_identity_project_v3.engineering-domain",
            "openstack_identity_project_v3.production-project"
          ]
        }
      ]
    },
    {
      "mode": "managed",
      "type": "openstack_identity_user_v3",
      "name": "bob",
      "provider": "provider[\"registry.terraform.io/terraform-provider-openstack/openstack\"]",
      "instances": [
        {
          "schema_version": 0,
          "attributes": {
            "default_project_id": "aa640621ced843b3a2928c372506f815",
            "description": "",
            "domain_id": "f3e4a3025ca34f69bbd70b5f36f7750c",
            "enabled": true,
            "extra": null,
            "id": "6eac04fa599e47dcae96e885566ffc53",
            "ignore_change_password_upon_first_use": true,
            "ignore_lockout_failure_attempts": null,
            "ignore_password_expiry": null,
            "multi_factor_auth_enabled": false,
            "multi_factor_auth_rule": [],
            "name": "Bob",
            "password": "Bob",
            "region": "RegionOne"
          },
          "sensitive_attributes": [
            [
              {
                "type": "get_attr",
                "value": "password"
              }
            ]
          ],
          "private": "bnVsbA==",
          "dependencies": [
            "openstack_identity_project_v3.engineering-domain",
            "openstack_identity_project_v3.staging-project"
          ]
        }
      ]
    },
    {
      "mode": "managed",
      "type": "openstack_identity_user_v3",
      "name": "cindy",
      "provider": "provider[\"registry.terraform.io/terraform-provider-openstack/openstack\"]",
      "instances": [
        {
          "schema_version": 0,
          "attributes": {
            "default_project_id": "aa640621ced843b3a2928c372506f815",
            "description": "",
            "domain_id": "f3e4a3025ca34f69bbd70b5f36f7750c",
            "enabled": true,
            "extra": null,
            "id": "ea729654f53b404596cf09a474e334a2",
            "ignore_change_password_upon_first_use": true,
            "ignore_lockout_failure_attempts": null,
            "ignore_password_expiry": null,
            "multi_factor_auth_enabled": false,
            "multi_factor_auth_rule": [],
            "name": "Cindy",
            "password": "Cindy",
            "region": "RegionOne"
          },
          "sensitive_attributes": [
            [
              {
                "type": "get_attr",
                "value": "password"
              }
            ]
          ],
          "private": "bnVsbA==",
          "dependencies": [
            "openstack_identity_project_v3.engineering-domain",
            "openstack_identity_project_v3.staging-project"
          ]
        }
      ]
    },
    {
      "mode": "managed",
      "type": "openstack_identity_user_v3",
      "name": "dave",
      "provider": "provider[\"registry.terraform.io/terraform-provider-openstack/openstack\"]",
      "instances": [
        {
          "schema_version": 0,
          "attributes": {
            "default_project_id": "cd31f5ea91cf4bc19b5d5cd6bc20ebfa",
            "description": "",
            "domain_id": "f3e4a3025ca34f69bbd70b5f36f7750c",
            "enabled": true,
            "extra": null,
            "id": "debb200f3d954ae784eb5ba3ec58de0a",
            "ignore_change_password_upon_first_use": true,
            "ignore_lockout_failure_attempts": null,
            "ignore_password_expiry": null,
            "multi_factor_auth_enabled": false,
            "multi_factor_auth_rule": [],
            "name": "Dave",
            "password": "Dave",
            "region": "RegionOne"
          },
          "sensitive_attributes": [
            [
              {
                "type": "get_attr",
                "value": "password"
              }
            ]
          ],
          "private": "bnVsbA==",
          "dependencies": [
            "openstack_identity_project_v3.development-project",
            "openstack_identity_project_v3.engineering-domain"
          ]
        }
      ]
    },
    {
      "mode": "managed",
      "type": "openstack_identity_user_v3",
      "name": "ed",
      "provider": "provider[\"registry.terraform.io/terraform-provider-openstack/openstack\"]",
      "instances": [
        {
          "schema_version": 0,
          "attributes": {
            "default_project_id": "cd31f5ea91cf4bc19b5d5cd6bc20ebfa",
            "description": "",
            "domain_id": "f3e4a3025ca34f69bbd70b5f36f7750c",
            "enabled": true,
            "extra": null,
            "id": "67d5186f22ca458fa604adc411302e80",
            "ignore_change_password_upon_first_use": true,
            "ignore_lockout_failure_attempts": null,
            "ignore_password_expiry": null,
            "multi_factor_auth_enabled": false,
            "multi_factor_auth_rule": [],
            "name": "Ed",
            "password": "Ed",
            "region": "RegionOne"
          },
          "sensitive_attributes": [
            [
              {
                "type": "get_attr",
                "value": "password"
              }
            ]
          ],
          "private": "bnVsbA==",
          "dependencies": [
            "openstack_identity_project_v3.development-project",
            "openstack_identity_project_v3.engineering-domain"
          ]
        }
      ]
    },
    {
      "mode": "managed",
      "type": "openstack_images_image_v2",
      "name": "ubuntu-jammy",
      "provider": "provider[\"registry.terraform.io/terraform-provider-openstack/openstack\"].alice",
      "instances": [
        {
          "schema_version": 0,
          "attributes": {
            "checksum": "7967fb6a381a085f764c8194e28ecea0",
            "container_format": "bare",
            "created_at": "2024-05-29T13:36:51Z",
            "disk_format": "qcow2",
            "file": "/v2/images/3cfa3a33-3ddf-445f-938b-04250a5e1523/file",
            "hidden": false,
            "id": "3cfa3a33-3ddf-445f-938b-04250a5e1523",
            "image_cache_path": "/home/ubuntu/.terraform/image_cache",
            "image_id": "3cfa3a33-3ddf-445f-938b-04250a5e1523",
            "image_source_password": null,
            "image_source_url": "https://cloud-images.ubuntu.com/jammy/current/jammy-server-cloudimg-amd64.img",
            "image_source_username": null,
            "local_file_path": null,
            "metadata": {},
            "min_disk_gb": 0,
            "min_ram_mb": 0,
            "name": "Ubuntu Server 22.04 (Jammy Jellyfish)",
            "owner": "492c0c6f88724ad6bc46ade3100d3cec",
            "properties": {
              "direct_url": "rbd://7c0d84e8-1d23-11ef-9470-bb9470e7e69c/glance/3cfa3a33-3ddf-445f-938b-04250a5e1523/snap",
              "key": "value",
              "os_hash_algo": "sha512",
              "os_hash_value": "fdf9dc12589a47f9def7fe653a806d09051ce17e04f5ce1f73385d27a963a0cb16f72d3dca9c069ae74457fed2d7318c46015ada5793eb487d86731d2234f6db",
              "stores": "ceph"
            },
            "protected": false,
            "region": "RegionOne",
            "schema": "/v2/schemas/image",
            "size_bytes": 672202752,
            "status": "active",
            "tags": null,
            "timeouts": null,
            "update_at": "2024-05-29T13:37:21Z",
            "updated_at": "2024-05-29T13:37:21Z",
            "verify_checksum": null,
            "visibility": "private",
            "web_download": null
          },
          "sensitive_attributes": [
            [
              {
                "type": "get_attr",
                "value": "image_source_password"
              }
            ]
          ],
          "private": "eyJlMmJmYjczMC1lY2FhLTExZTYtOGY4OC0zNDM2M2JjN2M0YzAiOnsiY3JlYXRlIjoxODAwMDAwMDAwMDAwfX0=",
          "dependencies": [
            "openstack_identity_project_v3.engineering-domain",
            "openstack_identity_project_v3.production-project",
            "openstack_identity_user_v3.alice"
          ]
        }
      ]
    },
    {
      "mode": "managed",
      "type": "openstack_networking_floatingip_v2",
      "name": "jumphost-floating-ip",
      "provider": "provider[\"registry.terraform.io/terraform-provider-openstack/openstack\"].alice",
      "instances": [
        {
          "schema_version": 0,
          "attributes": {
            "address": "172.27.26.134",
            "all_tags": [],
            "description": "",
            "dns_domain": "",
            "dns_name": "",
            "fixed_ip": "",
            "id": "3a59a105-60b0-434d-bbb3-6c954acc8390",
            "pool": "ext-net",
            "port_id": "",
            "region": "RegionOne",
            "subnet_id": null,
            "subnet_ids": null,
            "tags": null,
            "tenant_id": "492c0c6f88724ad6bc46ade3100d3cec",
            "timeouts": null,
            "value_specs": null
          },
          "sensitive_attributes": [],
          "private": "eyJlMmJmYjczMC1lY2FhLTExZTYtOGY4OC0zNDM2M2JjN2M0YzAiOnsiY3JlYXRlIjo2MDAwMDAwMDAwMDAsImRlbGV0ZSI6NjAwMDAwMDAwMDAwfX0=",
          "dependencies": [
            "data.openstack_networking_network_v2.ext-net",
            "openstack_identity_project_v3.engineering-domain",
            "openstack_identity_project_v3.production-project",
            "openstack_identity_user_v3.alice"
          ]
        }
      ]
    },
    {
      "mode": "managed",
      "type": "openstack_networking_floatingip_v2",
      "name": "web-loadbalancer-floating-ip",
      "provider": "provider[\"registry.terraform.io/terraform-provider-openstack/openstack\"].alice",
      "instances": [
        {
          "schema_version": 0,
          "attributes": {
            "address": "172.27.26.197",
            "all_tags": [],
            "description": "",
            "dns_domain": "",
            "dns_name": "",
            "fixed_ip": "",
            "id": "48dc8b84-dbe4-48e4-81c9-18fa00ad9595",
            "pool": "ext-net",
            "port_id": "",
            "region": "RegionOne",
            "subnet_id": null,
            "subnet_ids": null,
            "tags": null,
            "tenant_id": "492c0c6f88724ad6bc46ade3100d3cec",
            "timeouts": null,
            "value_specs": null
          },
          "sensitive_attributes": [],
          "private": "eyJlMmJmYjczMC1lY2FhLTExZTYtOGY4OC0zNDM2M2JjN2M0YzAiOnsiY3JlYXRlIjo2MDAwMDAwMDAwMDAsImRlbGV0ZSI6NjAwMDAwMDAwMDAwfX0=",
          "dependencies": [
            "data.openstack_networking_network_v2.ext-net",
            "openstack_identity_project_v3.engineering-domain",
            "openstack_identity_project_v3.production-project",
            "openstack_identity_user_v3.alice"
          ]
        }
      ]
    },
    {
      "mode": "managed",
      "type": "openstack_networking_network_v2",
      "name": "backend-network",
      "provider": "provider[\"registry.terraform.io/terraform-provider-openstack/openstack\"]",
      "instances": [
        {
          "schema_version": 0,
          "attributes": {
            "admin_state_up": true,
            "all_tags": [],
            "availability_zone_hints": [],
            "description": "",
            "dns_domain": "",
            "external": false,
            "id": "ee2714b2-9dac-406f-8e54-29eb11c25298",
            "mtu": 1442,
            "name": "Backend",
            "port_security_enabled": true,
            "qos_policy_id": "",
            "region": "RegionOne",
            "segments": [],
            "shared": false,
            "tags": null,
            "tenant_id": "492c0c6f88724ad6bc46ade3100d3cec",
            "timeouts": null,
            "transparent_vlan": false,
            "value_specs": null
          },
          "sensitive_attributes": [],
          "private": "eyJlMmJmYjczMC1lY2FhLTExZTYtOGY4OC0zNDM2M2JjN2M0YzAiOnsiY3JlYXRlIjo2MDAwMDAwMDAwMDAsImRlbGV0ZSI6NjAwMDAwMDAwMDAwfX0=",
          "dependencies": [
            "openstack_identity_project_v3.engineering-domain",
            "openstack_identity_project_v3.production-project"
          ]
        }
      ]
    },
    {
      "mode": "managed",
      "type": "openstack_networking_network_v2",
      "name": "frontend-network",
      "provider": "provider[\"registry.terraform.io/terraform-provider-openstack/openstack\"]",
      "instances": [
        {
          "schema_version": 0,
          "attributes": {
            "admin_state_up": true,
            "all_tags": [],
            "availability_zone_hints": [],
            "description": "",
            "dns_domain": "",
            "external": false,
            "id": "e0dd19ec-fc86-4836-8aec-35e2542496d4",
            "mtu": 1442,
            "name": "Frontend",
            "port_security_enabled": true,
            "qos_policy_id": "",
            "region": "RegionOne",
            "segments": [],
            "shared": false,
            "tags": null,
            "tenant_id": "492c0c6f88724ad6bc46ade3100d3cec",
            "timeouts": null,
            "transparent_vlan": false,
            "value_specs": null
          },
          "sensitive_attributes": [],
          "private": "eyJlMmJmYjczMC1lY2FhLTExZTYtOGY4OC0zNDM2M2JjN2M0YzAiOnsiY3JlYXRlIjo2MDAwMDAwMDAwMDAsImRlbGV0ZSI6NjAwMDAwMDAwMDAwfX0=",
          "dependencies": [
            "openstack_identity_project_v3.engineering-domain",
            "openstack_identity_project_v3.production-project"
          ]
        }
      ]
    },
    {
      "mode": "managed",
      "type": "openstack_networking_port_v2",
      "name": "frontend-port",
      "provider": "provider[\"registry.terraform.io/terraform-provider-openstack/openstack\"]",
      "instances": [
        {
          "schema_version": 0,
          "attributes": {
            "admin_state_up": true,
            "all_fixed_ips": [
              "192.168.10.2"
            ],
            "all_security_group_ids": [
              "3688764d-9280-4d5f-a125-d7fd96bac802"
            ],
            "all_tags": [],
            "allowed_address_pairs": [],
            "binding": [
              {
                "host_id": "",
                "profile": "{}",
                "vif_details": {},
                "vif_type": "unbound",
                "vnic_type": "normal"
              }
            ],
            "description": "",
            "device_id": "",
            "device_owner": "",
            "dns_assignment": [
              {
                "fqdn": "host-192-168-10-2.openstacklocal.",
                "hostname": "host-192-168-10-2",
                "ip_address": "192.168.10.2"
              }
            ],
            "dns_name": "",
            "extra_dhcp_option": [],
            "fixed_ip": [
              {
                "ip_address": "192.168.10.2",
                "subnet_id": "647ee843-f410-4505-885d-03b53337a967"
              }
            ],
            "id": "b967379f-413f-42ca-b763-07ba196709f4",
            "mac_address": "fa:16:3e:32:1e:df",
            "name": "frontend-port",
            "network_id": "e0dd19ec-fc86-4836-8aec-35e2542496d4",
            "no_fixed_ip": null,
            "no_security_groups": null,
            "port_security_enabled": true,
            "qos_policy_id": "",
            "region": "RegionOne",
            "security_group_ids": null,
            "tags": null,
            "tenant_id": "b48a17b35c6248628510eb4af5f98548",
            "timeouts": null,
            "value_specs": null
          },
          "sensitive_attributes": [],
          "private": "eyJlMmJmYjczMC1lY2FhLTExZTYtOGY4OC0zNDM2M2JjN2M0YzAiOnsiY3JlYXRlIjo2MDAwMDAwMDAwMDAsImRlbGV0ZSI6NjAwMDAwMDAwMDAwfX0=",
          "dependencies": [
            "openstack_identity_project_v3.engineering-domain",
            "openstack_identity_project_v3.production-project",
            "openstack_networking_network_v2.frontend-network",
            "openstack_networking_subnet_v2.frontend-subnet"
          ]
        }
      ]
    },
    {
      "mode": "managed",
      "type": "openstack_networking_router_interface_v2",
      "name": "ext-net-router-frontend-interface",
      "provider": "provider[\"registry.terraform.io/terraform-provider-openstack/openstack\"]",
      "instances": [
        {
          "schema_version": 0,
          "attributes": {
            "id": "a5b442b4-2080-4b91-b5f2-3edf376ff660",
            "port_id": "a5b442b4-2080-4b91-b5f2-3edf376ff660",
            "region": "RegionOne",
            "router_id": "e303bc9a-e224-4a2c-9057-6800528d141c",
            "subnet_id": "647ee843-f410-4505-885d-03b53337a967",
            "timeouts": null
          },
          "sensitive_attributes": [],
          "private": "eyJlMmJmYjczMC1lY2FhLTExZTYtOGY4OC0zNDM2M2JjN2M0YzAiOnsiY3JlYXRlIjo2MDAwMDAwMDAwMDAsImRlbGV0ZSI6NjAwMDAwMDAwMDAwfX0=",
          "dependencies": [
            "data.openstack_networking_network_v2.ext-net",
            "openstack_identity_project_v3.engineering-domain",
            "openstack_identity_project_v3.production-project",
            "openstack_networking_network_v2.frontend-network",
            "openstack_networking_router_v2.ext-net-router",
            "openstack_networking_subnet_v2.frontend-subnet"
          ]
        }
      ]
    },
    {
      "mode": "managed",
      "type": "openstack_networking_router_interface_v2",
      "name": "internal-router-backend-interface",
      "provider": "provider[\"registry.terraform.io/terraform-provider-openstack/openstack\"]",
      "instances": [
        {
          "schema_version": 0,
          "attributes": {
            "id": "0c6786c6-1567-4f7b-aab2-1ec0669000db",
            "port_id": "0c6786c6-1567-4f7b-aab2-1ec0669000db",
            "region": "RegionOne",
            "router_id": "ce84c88a-df2b-4890-a0e4-23276c37a748",
            "subnet_id": "dd0c8257-54f6-4f61-9b49-65c386439272",
            "timeouts": null
          },
          "sensitive_attributes": [],
          "private": "eyJlMmJmYjczMC1lY2FhLTExZTYtOGY4OC0zNDM2M2JjN2M0YzAiOnsiY3JlYXRlIjo2MDAwMDAwMDAwMDAsImRlbGV0ZSI6NjAwMDAwMDAwMDAwfX0=",
          "dependencies": [
            "openstack_identity_project_v3.engineering-domain",
            "openstack_identity_project_v3.production-project",
            "openstack_networking_network_v2.backend-network",
            "openstack_networking_router_v2.internal-router",
            "openstack_networking_subnet_v2.backend-subnet"
          ]
        }
      ]
    },
    {
      "mode": "managed",
      "type": "openstack_networking_router_interface_v2",
      "name": "internal-router-frontend-interface",
      "provider": "provider[\"registry.terraform.io/terraform-provider-openstack/openstack\"]",
      "instances": [
        {
          "schema_version": 0,
          "attributes": {
            "id": "b967379f-413f-42ca-b763-07ba196709f4",
            "port_id": "b967379f-413f-42ca-b763-07ba196709f4",
            "region": "RegionOne",
            "router_id": "ce84c88a-df2b-4890-a0e4-23276c37a748",
            "subnet_id": "647ee843-f410-4505-885d-03b53337a967",
            "timeouts": null
          },
          "sensitive_attributes": [],
          "private": "eyJlMmJmYjczMC1lY2FhLTExZTYtOGY4OC0zNDM2M2JjN2M0YzAiOnsiY3JlYXRlIjo2MDAwMDAwMDAwMDAsImRlbGV0ZSI6NjAwMDAwMDAwMDAwfX0=",
          "dependencies": [
            "openstack_identity_project_v3.engineering-domain",
            "openstack_identity_project_v3.production-project",
            "openstack_networking_network_v2.frontend-network",
            "openstack_networking_port_v2.frontend-port",
            "openstack_networking_router_v2.internal-router",
            "openstack_networking_subnet_v2.frontend-subnet"
          ]
        }
      ]
    },
    {
      "mode": "managed",
      "type": "openstack_networking_router_v2",
      "name": "ext-net-router",
      "provider": "provider[\"registry.terraform.io/terraform-provider-openstack/openstack\"]",
      "instances": [
        {
          "schema_version": 0,
          "attributes": {
            "admin_state_up": true,
            "all_tags": [],
            "availability_zone_hints": [],
            "description": "",
            "distributed": false,
            "enable_snat": true,
            "external_fixed_ip": [
              {
                "ip_address": "172.27.26.103",
                "subnet_id": "12f8bc1c-85ef-453d-b1c1-c2d114614707"
              }
            ],
            "external_gateway": "61ed3f4e-87ef-40c1-b20e-bb281f18f9d5",
            "external_network_id": "61ed3f4e-87ef-40c1-b20e-bb281f18f9d5",
            "external_subnet_ids": null,
            "id": "e303bc9a-e224-4a2c-9057-6800528d141c",
            "name": "External Router",
            "region": "RegionOne",
            "tags": null,
            "tenant_id": "492c0c6f88724ad6bc46ade3100d3cec",
            "timeouts": null,
            "value_specs": null,
            "vendor_options": []
          },
          "sensitive_attributes": [],
          "private": "eyJlMmJmYjczMC1lY2FhLTExZTYtOGY4OC0zNDM2M2JjN2M0YzAiOnsiY3JlYXRlIjo2MDAwMDAwMDAwMDAsImRlbGV0ZSI6NjAwMDAwMDAwMDAwfX0=",
          "dependencies": [
            "data.openstack_networking_network_v2.ext-net",
            "openstack_identity_project_v3.engineering-domain",
            "openstack_identity_project_v3.production-project"
          ]
        }
      ]
    },
    {
      "mode": "managed",
      "type": "openstack_networking_router_v2",
      "name": "internal-router",
      "provider": "provider[\"registry.terraform.io/terraform-provider-openstack/openstack\"]",
      "instances": [
        {
          "schema_version": 0,
          "attributes": {
            "admin_state_up": true,
            "all_tags": [],
            "availability_zone_hints": [],
            "description": "",
            "distributed": false,
            "enable_snat": false,
            "external_fixed_ip": [],
            "external_gateway": "",
            "external_network_id": "",
            "external_subnet_ids": null,
            "id": "ce84c88a-df2b-4890-a0e4-23276c37a748",
            "name": "Internal Router",
            "region": "RegionOne",
            "tags": null,
            "tenant_id": "492c0c6f88724ad6bc46ade3100d3cec",
            "timeouts": null,
            "value_specs": null,
            "vendor_options": []
          },
          "sensitive_attributes": [],
          "private": "eyJlMmJmYjczMC1lY2FhLTExZTYtOGY4OC0zNDM2M2JjN2M0YzAiOnsiY3JlYXRlIjo2MDAwMDAwMDAwMDAsImRlbGV0ZSI6NjAwMDAwMDAwMDAwfX0=",
          "dependencies": [
            "openstack_identity_project_v3.engineering-domain",
            "openstack_identity_project_v3.production-project"
          ]
        }
      ]
    },
    {
      "mode": "managed",
      "type": "openstack_networking_secgroup_rule_v2",
      "name": "backend-servers-secgroup-rule",
      "provider": "provider[\"registry.terraform.io/terraform-provider-openstack/openstack\"]",
      "instances": [
        {
          "schema_version": 0,
          "attributes": {
            "description": "",
            "direction": "ingress",
            "ethertype": "IPv4",
            "id": "c33f3d2a-61b2-4930-861e-72d509b2c747",
            "port_range_max": 0,
            "port_range_min": 0,
            "protocol": "",
            "region": "RegionOne",
            "remote_group_id": "849a9102-9070-47fa-8c27-8a91e67e2a8f",
            "remote_ip_prefix": "",
            "security_group_id": "4c411da2-5463-456a-8978-00bb3cb912ae",
            "tenant_id": "b48a17b35c6248628510eb4af5f98548",
            "timeouts": null
          },
          "sensitive_attributes": [],
          "private": "eyJlMmJmYjczMC1lY2FhLTExZTYtOGY4OC0zNDM2M2JjN2M0YzAiOnsiZGVsZXRlIjo2MDAwMDAwMDAwMDB9fQ==",
          "dependencies": [
            "openstack_identity_project_v3.engineering-domain",
            "openstack_identity_project_v3.production-project",
            "openstack_networking_secgroup_v2.backend-servers-secgroup",
            "openstack_networking_secgroup_v2.frontend-servers-secgroup"
          ]
        }
      ]
    },
    {
      "mode": "managed",
      "type": "openstack_networking_secgroup_rule_v2",
      "name": "frontend-servers-secgroup-rule-1",
      "provider": "provider[\"registry.terraform.io/terraform-provider-openstack/openstack\"]",
      "instances": [
        {
          "schema_version": 0,
          "attributes": {
            "description": "",
            "direction": "ingress",
            "ethertype": "IPv4",
            "id": "b5ab3786-d21f-424b-8b5b-83ec33510c70",
            "port_range_max": 80,
            "port_range_min": 80,
            "protocol": "tcp",
            "region": "RegionOne",
            "remote_group_id": "",
            "remote_ip_prefix": "0.0.0.0/0",
            "security_group_id": "849a9102-9070-47fa-8c27-8a91e67e2a8f",
            "tenant_id": "b48a17b35c6248628510eb4af5f98548",
            "timeouts": null
          },
          "sensitive_attributes": [],
          "private": "eyJlMmJmYjczMC1lY2FhLTExZTYtOGY4OC0zNDM2M2JjN2M0YzAiOnsiZGVsZXRlIjo2MDAwMDAwMDAwMDB9fQ==",
          "dependencies": [
            "openstack_identity_project_v3.engineering-domain",
            "openstack_identity_project_v3.production-project",
            "openstack_networking_secgroup_v2.frontend-servers-secgroup"
          ]
        }
      ]
    },
    {
      "mode": "managed",
      "type": "openstack_networking_secgroup_rule_v2",
      "name": "frontend-servers-secgroup-rule-2",
      "provider": "provider[\"registry.terraform.io/terraform-provider-openstack/openstack\"]",
      "instances": [
        {
          "schema_version": 0,
          "attributes": {
            "description": "",
            "direction": "ingress",
            "ethertype": "IPv4",
            "id": "ba22393a-461a-42c7-9469-bd2358f23065",
            "port_range_max": 22,
            "port_range_min": 22,
            "protocol": "tcp",
            "region": "RegionOne",
            "remote_group_id": "d0600037-abb1-4a8c-ae0d-222b0c961363",
            "remote_ip_prefix": "",
            "security_group_id": "849a9102-9070-47fa-8c27-8a91e67e2a8f",
            "tenant_id": "b48a17b35c6248628510eb4af5f98548",
            "timeouts": null
          },
          "sensitive_attributes": [],
          "private": "eyJlMmJmYjczMC1lY2FhLTExZTYtOGY4OC0zNDM2M2JjN2M0YzAiOnsiZGVsZXRlIjo2MDAwMDAwMDAwMDB9fQ==",
          "dependencies": [
            "openstack_identity_project_v3.engineering-domain",
            "openstack_identity_project_v3.production-project",
            "openstack_networking_secgroup_v2.frontend-servers-secgroup",
            "openstack_networking_secgroup_v2.jumphost-servers-secgroup"
          ]
        }
      ]
    },
    {
      "mode": "managed",
      "type": "openstack_networking_secgroup_rule_v2",
      "name": "jumphost-servers-secgroup-rule",
      "provider": "provider[\"registry.terraform.io/terraform-provider-openstack/openstack\"]",
      "instances": [
        {
          "schema_version": 0,
          "attributes": {
            "description": "",
            "direction": "ingress",
            "ethertype": "IPv4",
            "id": "1e726c5f-f5cd-4503-8e61-24cf00aae559",
            "port_range_max": 22,
            "port_range_min": 22,
            "protocol": "tcp",
            "region": "RegionOne",
            "remote_group_id": "",
            "remote_ip_prefix": "0.0.0.0/0",
            "security_group_id": "d0600037-abb1-4a8c-ae0d-222b0c961363",
            "tenant_id": "b48a17b35c6248628510eb4af5f98548",
            "timeouts": null
          },
          "sensitive_attributes": [],
          "private": "eyJlMmJmYjczMC1lY2FhLTExZTYtOGY4OC0zNDM2M2JjN2M0YzAiOnsiZGVsZXRlIjo2MDAwMDAwMDAwMDB9fQ==",
          "dependencies": [
            "openstack_identity_project_v3.engineering-domain",
            "openstack_identity_project_v3.production-project",
            "openstack_networking_secgroup_v2.jumphost-servers-secgroup"
          ]
        }
      ]
    },
    {
      "mode": "managed",
      "type": "openstack_networking_secgroup_v2",
      "name": "backend-servers-secgroup",
      "provider": "provider[\"registry.terraform.io/terraform-provider-openstack/openstack\"]",
      "instances": [
        {
          "schema_version": 0,
          "attributes": {
            "all_tags": [],
            "delete_default_rules": null,
            "description": "Security group allowing traffic to Backend servers",
            "id": "4c411da2-5463-456a-8978-00bb3cb912ae",
            "name": "Backend servers",
            "region": "RegionOne",
            "tags": null,
            "tenant_id": "492c0c6f88724ad6bc46ade3100d3cec",
            "timeouts": null
          },
          "sensitive_attributes": [],
          "private": "eyJlMmJmYjczMC1lY2FhLTExZTYtOGY4OC0zNDM2M2JjN2M0YzAiOnsiZGVsZXRlIjo2MDAwMDAwMDAwMDB9fQ==",
          "dependencies": [
            "openstack_identity_project_v3.engineering-domain",
            "openstack_identity_project_v3.production-project"
          ]
        }
      ]
    },
    {
      "mode": "managed",
      "type": "openstack_networking_secgroup_v2",
      "name": "frontend-servers-secgroup",
      "provider": "provider[\"registry.terraform.io/terraform-provider-openstack/openstack\"]",
      "instances": [
        {
          "schema_version": 0,
          "attributes": {
            "all_tags": [],
            "delete_default_rules": null,
            "description": "Security group allowing traffic to Frontend servers",
            "id": "849a9102-9070-47fa-8c27-8a91e67e2a8f",
            "name": "Frontend servers",
            "region": "RegionOne",
            "tags": null,
            "tenant_id": "492c0c6f88724ad6bc46ade3100d3cec",
            "timeouts": null
          },
          "sensitive_attributes": [],
          "private": "eyJlMmJmYjczMC1lY2FhLTExZTYtOGY4OC0zNDM2M2JjN2M0YzAiOnsiZGVsZXRlIjo2MDAwMDAwMDAwMDB9fQ==",
          "dependencies": [
            "openstack_identity_project_v3.engineering-domain",
            "openstack_identity_project_v3.production-project"
          ]
        }
      ]
    },
    {
      "mode": "managed",
      "type": "openstack_networking_secgroup_v2",
      "name": "jumphost-servers-secgroup",
      "provider": "provider[\"registry.terraform.io/terraform-provider-openstack/openstack\"]",
      "instances": [
        {
          "schema_version": 0,
          "attributes": {
            "all_tags": [],
            "delete_default_rules": null,
            "description": "Security group allowing traffic to Jumphost servers",
            "id": "d0600037-abb1-4a8c-ae0d-222b0c961363",
            "name": "Jumphost servers",
            "region": "RegionOne",
            "tags": null,
            "tenant_id": "492c0c6f88724ad6bc46ade3100d3cec",
            "timeouts": null
          },
          "sensitive_attributes": [],
          "private": "eyJlMmJmYjczMC1lY2FhLTExZTYtOGY4OC0zNDM2M2JjN2M0YzAiOnsiZGVsZXRlIjo2MDAwMDAwMDAwMDB9fQ==",
          "dependencies": [
            "openstack_identity_project_v3.engineering-domain",
            "openstack_identity_project_v3.production-project"
          ]
        }
      ]
    },
    {
      "mode": "managed",
      "type": "openstack_networking_subnet_route_v2",
      "name": "frontend-subnet-route",
      "provider": "provider[\"registry.terraform.io/terraform-provider-openstack/openstack\"]",
      "instances": [
        {
          "schema_version": 0,
          "attributes": {
            "destination_cidr": "192.168.20.0/24",
            "id": "647ee843-f410-4505-885d-03b53337a967-route-192.168.20.0/24-192.168.10.2",
            "next_hop": "192.168.10.2",
            "region": "RegionOne",
            "subnet_id": "647ee843-f410-4505-885d-03b53337a967"
          },
          "sensitive_attributes": [],
          "private": "bnVsbA==",
          "dependencies": [
            "openstack_identity_project_v3.engineering-domain",
            "openstack_identity_project_v3.production-project",
            "openstack_networking_network_v2.frontend-network",
            "openstack_networking_subnet_v2.frontend-subnet"
          ]
        }
      ]
    },
    {
      "mode": "managed",
      "type": "openstack_networking_subnet_v2",
      "name": "backend-subnet",
      "provider": "provider[\"registry.terraform.io/terraform-provider-openstack/openstack\"]",
      "instances": [
        {
          "schema_version": 0,
          "attributes": {
            "all_tags": [],
            "allocation_pool": [
              {
                "end": "192.168.20.254",
                "start": "192.168.20.10"
              }
            ],
            "allocation_pools": [
              {
                "end": "192.168.20.254",
                "start": "192.168.20.10"
              }
            ],
            "cidr": "192.168.20.0/24",
            "description": "",
            "dns_nameservers": null,
            "enable_dhcp": true,
            "gateway_ip": "192.168.20.1",
            "host_routes": [],
            "id": "dd0c8257-54f6-4f61-9b49-65c386439272",
            "ip_version": 4,
            "ipv6_address_mode": "",
            "ipv6_ra_mode": "",
            "name": "",
            "network_id": "ee2714b2-9dac-406f-8e54-29eb11c25298",
            "no_gateway": false,
            "prefix_length": null,
            "region": "RegionOne",
            "service_types": [],
            "subnetpool_id": "",
            "tags": null,
            "tenant_id": "492c0c6f88724ad6bc46ade3100d3cec",
            "timeouts": null,
            "value_specs": null
          },
          "sensitive_attributes": [],
          "private": "eyJlMmJmYjczMC1lY2FhLTExZTYtOGY4OC0zNDM2M2JjN2M0YzAiOnsiY3JlYXRlIjo2MDAwMDAwMDAwMDAsImRlbGV0ZSI6NjAwMDAwMDAwMDAwfX0=",
          "dependencies": [
            "openstack_identity_project_v3.engineering-domain",
            "openstack_identity_project_v3.production-project",
            "openstack_networking_network_v2.backend-network"
          ]
        }
      ]
    },
    {
      "mode": "managed",
      "type": "openstack_networking_subnet_v2",
      "name": "frontend-subnet",
      "provider": "provider[\"registry.terraform.io/terraform-provider-openstack/openstack\"]",
      "instances": [
        {
          "schema_version": 0,
          "attributes": {
            "all_tags": [],
            "allocation_pool": [
              {
                "end": "192.168.10.254",
                "start": "192.168.10.10"
              }
            ],
            "allocation_pools": [
              {
                "end": "192.168.10.254",
                "start": "192.168.10.10"
              }
            ],
            "cidr": "192.168.10.0/24",
            "description": "",
            "dns_nameservers": null,
            "enable_dhcp": true,
            "gateway_ip": "192.168.10.1",
            "host_routes": [],
            "id": "647ee843-f410-4505-885d-03b53337a967",
            "ip_version": 4,
            "ipv6_address_mode": "",
            "ipv6_ra_mode": "",
            "name": "",
            "network_id": "e0dd19ec-fc86-4836-8aec-35e2542496d4",
            "no_gateway": false,
            "prefix_length": null,
            "region": "RegionOne",
            "service_types": [],
            "subnetpool_id": "",
            "tags": null,
            "tenant_id": "492c0c6f88724ad6bc46ade3100d3cec",
            "timeouts": null,
            "value_specs": null
          },
          "sensitive_attributes": [],
          "private": "eyJlMmJmYjczMC1lY2FhLTExZTYtOGY4OC0zNDM2M2JjN2M0YzAiOnsiY3JlYXRlIjo2MDAwMDAwMDAwMDAsImRlbGV0ZSI6NjAwMDAwMDAwMDAwfX0=",
          "dependencies": [
            "openstack_identity_project_v3.engineering-domain",
            "openstack_identity_project_v3.production-project",
            "openstack_networking_network_v2.frontend-network"
          ]
        }
      ]
    },
    {
      "mode": "managed",
      "type": "openstack_objectstorage_container_v1",
      "name": "container",
      "provider": "provider[\"registry.terraform.io/terraform-provider-openstack/openstack\"].alice",
      "instances": [
        {
          "schema_version": 0,
          "attributes": {
            "container_read": ".r:*,.rlistings",
            "container_sync_key": null,
            "container_sync_to": null,
            "container_write": null,
            "content_type": null,
            "force_destroy": false,
            "id": "container-1",
            "metadata": null,
            "name": "container-1",
            "region": "RegionOne",
            "storage_policy": "default-placement",
            "versioning": []
          },
          "sensitive_attributes": [],
          "private": "bnVsbA==",
          "dependencies": [
            "openstack_identity_project_v3.engineering-domain",
            "openstack_identity_project_v3.production-project",
            "openstack_identity_user_v3.alice"
          ]
        }
      ]
    },
    {
      "mode": "managed",
      "type": "openstack_objectstorage_object_v1",
      "name": "object",
      "provider": "provider[\"registry.terraform.io/terraform-provider-openstack/openstack\"].alice",
      "instances": [
        {
          "index_key": 0,
          "schema_version": 0,
          "attributes": {
            "container_name": "container-1",
            "content": "{\n  \"foo\" : \"bar\"\n}\n",
            "content_disposition": "",
            "content_encoding": "",
            "content_length": 20,
            "content_type": "application/json",
            "copy_from": null,
            "date": "2024-05-29T13:37:00Z",
            "delete_after": null,
            "delete_at": null,
            "detect_content_type": false,
            "etag": "c7378ccf65c7c655608db0d7a1b8b874",
            "id": "container-1/test-0.json",
            "last_modified": "2024-05-29T13:37:00Z",
            "metadata": null,
            "name": "test-0.json",
            "object_manifest": "",
            "region": null,
            "source": null,
            "trans_id": "tx0000059502bd3579b47d8-0066572f7c-18e7-default"
          },
          "sensitive_attributes": [],
          "private": "bnVsbA==",
          "dependencies": [
            "openstack_identity_project_v3.engineering-domain",
            "openstack_identity_project_v3.production-project",
            "openstack_identity_user_v3.alice",
            "openstack_objectstorage_container_v1.container"
          ]
        },
        {
          "index_key": 1,
          "schema_version": 0,
          "attributes": {
            "container_name": "container-1",
            "content": "{\n  \"foo\" : \"bar\"\n}\n",
            "content_disposition": "",
            "content_encoding": "",
            "content_length": 20,
            "content_type": "application/json",
            "copy_from": null,
            "date": "2024-05-29T13:37:00Z",
            "delete_after": null,
            "delete_at": null,
            "detect_content_type": false,
            "etag": "c7378ccf65c7c655608db0d7a1b8b874",
            "id": "container-1/test-1.json",
            "last_modified": "2024-05-29T13:37:00Z",
            "metadata": null,
            "name": "test-1.json",
            "object_manifest": "",
            "region": null,
            "source": null,
            "trans_id": "tx00000969d71e19acbb5b7-0066572f7c-18e7-default"
          },
          "sensitive_attributes": [],
          "private": "bnVsbA==",
          "dependencies": [
            "openstack_identity_project_v3.engineering-domain",
            "openstack_identity_project_v3.production-project",
            "openstack_identity_user_v3.alice",
            "openstack_objectstorage_container_v1.container"
          ]
        },
        {
          "index_key": 2,
          "schema_version": 0,
          "attributes": {
            "container_name": "container-1",
            "content": "{\n  \"foo\" : \"bar\"\n}\n",
            "content_disposition": "",
            "content_encoding": "",
            "content_length": 20,
            "content_type": "application/json",
            "copy_from": null,
            "date": "2024-05-29T13:36:59Z",
            "delete_after": null,
            "delete_at": null,
            "detect_content_type": false,
            "etag": "c7378ccf65c7c655608db0d7a1b8b874",
            "id": "container-1/test-2.json",
            "last_modified": "2024-05-29T13:36:59Z",
            "metadata": null,
            "name": "test-2.json",
            "object_manifest": "",
            "region": null,
            "source": null,
            "trans_id": "tx0000038508801fce113a3-0066572f7b-18e7-default"
          },
          "sensitive_attributes": [],
          "private": "bnVsbA==",
          "dependencies": [
            "openstack_identity_project_v3.engineering-domain",
            "openstack_identity_project_v3.production-project",
            "openstack_identity_user_v3.alice",
            "openstack_objectstorage_container_v1.container"
          ]
        },
        {
          "index_key": 3,
          "schema_version": 0,
          "attributes": {
            "container_name": "container-1",
            "content": "{\n  \"foo\" : \"bar\"\n}\n",
            "content_disposition": "",
            "content_encoding": "",
            "content_length": 20,
            "content_type": "application/json",
            "copy_from": null,
            "date": "2024-05-29T13:37:00Z",
            "delete_after": null,
            "delete_at": null,
            "detect_content_type": false,
            "etag": "c7378ccf65c7c655608db0d7a1b8b874",
            "id": "container-1/test-3.json",
            "last_modified": "2024-05-29T13:37:00Z",
            "metadata": null,
            "name": "test-3.json",
            "object_manifest": "",
            "region": null,
            "source": null,
            "trans_id": "tx00000b977619b337794e1-0066572f7c-18e7-default"
          },
          "sensitive_attributes": [],
          "private": "bnVsbA==",
          "dependencies": [
            "openstack_identity_project_v3.engineering-domain",
            "openstack_identity_project_v3.production-project",
            "openstack_identity_user_v3.alice",
            "openstack_objectstorage_container_v1.container"
          ]
        },
        {
          "index_key": 4,
          "schema_version": 0,
          "attributes": {
            "container_name": "container-1",
            "content": "{\n  \"foo\" : \"bar\"\n}\n",
            "content_disposition": "",
            "content_encoding": "",
            "content_length": 20,
            "content_type": "application/json",
            "copy_from": null,
            "date": "2024-05-29T13:37:00Z",
            "delete_after": null,
            "delete_at": null,
            "detect_content_type": false,
            "etag": "c7378ccf65c7c655608db0d7a1b8b874",
            "id": "container-1/test-4.json",
            "last_modified": "2024-05-29T13:37:00Z",
            "metadata": null,
            "name": "test-4.json",
            "object_manifest": "",
            "region": null,
            "source": null,
            "trans_id": "tx0000058bd1c556c2b52d5-0066572f7c-18e7-default"
          },
          "sensitive_attributes": [],
          "private": "bnVsbA==",
          "dependencies": [
            "openstack_identity_project_v3.engineering-domain",
            "openstack_identity_project_v3.production-project",
            "openstack_identity_user_v3.alice",
            "openstack_objectstorage_container_v1.container"
          ]
        },
        {
          "index_key": 5,
          "schema_version": 0,
          "attributes": {
            "container_name": "container-1",
            "content": "{\n  \"foo\" : \"bar\"\n}\n",
            "content_disposition": "",
            "content_encoding": "",
            "content_length": 20,
            "content_type": "application/json",
            "copy_from": null,
            "date": "2024-05-29T13:37:00Z",
            "delete_after": null,
            "delete_at": null,
            "detect_content_type": false,
            "etag": "c7378ccf65c7c655608db0d7a1b8b874",
            "id": "container-1/test-5.json",
            "last_modified": "2024-05-29T13:36:59Z",
            "metadata": null,
            "name": "test-5.json",
            "object_manifest": "",
            "region": null,
            "source": null,
            "trans_id": "tx000004b5d56520c283d9a-0066572f7c-18e7-default"
          },
          "sensitive_attributes": [],
          "private": "bnVsbA==",
          "dependencies": [
            "openstack_identity_project_v3.engineering-domain",
            "openstack_identity_project_v3.production-project",
            "openstack_identity_user_v3.alice",
            "openstack_objectstorage_container_v1.container"
          ]
        },
        {
          "index_key": 6,
          "schema_version": 0,
          "attributes": {
            "container_name": "container-1",
            "content": "{\n  \"foo\" : \"bar\"\n}\n",
            "content_disposition": "",
            "content_encoding": "",
            "content_length": 20,
            "content_type": "application/json",
            "copy_from": null,
            "date": "2024-05-29T13:37:00Z",
            "delete_after": null,
            "delete_at": null,
            "detect_content_type": false,
            "etag": "c7378ccf65c7c655608db0d7a1b8b874",
            "id": "container-1/test-6.json",
            "last_modified": "2024-05-29T13:37:00Z",
            "metadata": null,
            "name": "test-6.json",
            "object_manifest": "",
            "region": null,
            "source": null,
            "trans_id": "tx000008d7b1a30e3ff01d4-0066572f7c-18e7-default"
          },
          "sensitive_attributes": [],
          "private": "bnVsbA==",
          "dependencies": [
            "openstack_identity_project_v3.engineering-domain",
            "openstack_identity_project_v3.production-project",
            "openstack_identity_user_v3.alice",
            "openstack_objectstorage_container_v1.container"
          ]
        },
        {
          "index_key": 7,
          "schema_version": 0,
          "attributes": {
            "container_name": "container-1",
            "content": "{\n  \"foo\" : \"bar\"\n}\n",
            "content_disposition": "",
            "content_encoding": "",
            "content_length": 20,
            "content_type": "application/json",
            "copy_from": null,
            "date": "2024-05-29T13:37:00Z",
            "delete_after": null,
            "delete_at": null,
            "detect_content_type": false,
            "etag": "c7378ccf65c7c655608db0d7a1b8b874",
            "id": "container-1/test-7.json",
            "last_modified": "2024-05-29T13:37:00Z",
            "metadata": null,
            "name": "test-7.json",
            "object_manifest": "",
            "region": null,
            "source": null,
            "trans_id": "tx0000006df51f4c37e16df-0066572f7c-18e7-default"
          },
          "sensitive_attributes": [],
          "private": "bnVsbA==",
          "dependencies": [
            "openstack_identity_project_v3.engineering-domain",
            "openstack_identity_project_v3.production-project",
            "openstack_identity_user_v3.alice",
            "openstack_objectstorage_container_v1.container"
          ]
        },
        {
          "index_key": 8,
          "schema_version": 0,
          "attributes": {
            "container_name": "container-1",
            "content": "{\n  \"foo\" : \"bar\"\n}\n",
            "content_disposition": "",
            "content_encoding": "",
            "content_length": 20,
            "content_type": "application/json",
            "copy_from": null,
            "date": "2024-05-29T13:36:59Z",
            "delete_after": null,
            "delete_at": null,
            "detect_content_type": false,
            "etag": "c7378ccf65c7c655608db0d7a1b8b874",
            "id": "container-1/test-8.json",
            "last_modified": "2024-05-29T13:36:59Z",
            "metadata": null,
            "name": "test-8.json",
            "object_manifest": "",
            "region": null,
            "source": null,
            "trans_id": "tx000008b7c13a44fecf405-0066572f7b-18e7-default"
          },
          "sensitive_attributes": [],
          "private": "bnVsbA==",
          "dependencies": [
            "openstack_identity_project_v3.engineering-domain",
            "openstack_identity_project_v3.production-project",
            "openstack_identity_user_v3.alice",
            "openstack_objectstorage_container_v1.container"
          ]
        },
        {
          "index_key": 9,
          "schema_version": 0,
          "attributes": {
            "container_name": "container-1",
            "content": "{\n  \"foo\" : \"bar\"\n}\n",
            "content_disposition": "",
            "content_encoding": "",
            "content_length": 20,
            "content_type": "application/json",
            "copy_from": null,
            "date": "2024-05-29T13:37:00Z",
            "delete_after": null,
            "delete_at": null,
            "detect_content_type": false,
            "etag": "c7378ccf65c7c655608db0d7a1b8b874",
            "id": "container-1/test-9.json",
            "last_modified": "2024-05-29T13:37:00Z",
            "metadata": null,
            "name": "test-9.json",
            "object_manifest": "",
            "region": null,
            "source": null,
            "trans_id": "tx0000001c917c86b4c7b4a-0066572f7c-18e7-default"
          },
          "sensitive_attributes": [],
          "private": "bnVsbA==",
          "dependencies": [
            "openstack_identity_project_v3.engineering-domain",
            "openstack_identity_project_v3.production-project",
            "openstack_identity_user_v3.alice",
            "openstack_objectstorage_container_v1.container"
          ]
        }
      ]
    }
  ],
  "check_results": null
}
